// !$*UTF8*$!
{
	archiveVersion = 1;
	classes = {
	};
	objectVersion = 56;
	objects = {

/* Begin PBXBuildFile section */
		F30559242C3952E900B2C9F6 /* Empire2.swift in Sources */ = {isa = PBXBuildFile; fileRef = F30559232C3952E900B2C9F6 /* Empire2.swift */; };
		F30559412C399DF500B2C9F6 /* VideoPlayer.swift in Sources */ = {isa = PBXBuildFile; fileRef = F30559402C399DF500B2C9F6 /* VideoPlayer.swift */; };
		F30559442C39B04800B2C9F6 /* Image+Extension.swift in Sources */ = {isa = PBXBuildFile; fileRef = F30559432C39B04800B2C9F6 /* Image+Extension.swift */; };
		F306A40A2C3A5BAA00246390 /* AuthenticationView.swift in Sources */ = {isa = PBXBuildFile; fileRef = F306A4092C3A5BAA00246390 /* AuthenticationView.swift */; };
		F306A40D2C3A5FC300246390 /* AuthenticationProvider.swift in Sources */ = {isa = PBXBuildFile; fileRef = F306A40C2C3A5FC300246390 /* AuthenticationProvider.swift */; };
		F306A40F2C3A5FCE00246390 /* AuthenticationFeature.swift in Sources */ = {isa = PBXBuildFile; fileRef = F306A40E2C3A5FCE00246390 /* AuthenticationFeature.swift */; };
		F306A4122C3A5FDE00246390 /* AuthenticationComponent.swift in Sources */ = {isa = PBXBuildFile; fileRef = F306A4112C3A5FDE00246390 /* AuthenticationComponent.swift */; };
		F306A4142C3A5FE500246390 /* AuthenticationDependency.swift in Sources */ = {isa = PBXBuildFile; fileRef = F306A4132C3A5FE500246390 /* AuthenticationDependency.swift */; };
		F306A4182C3A60D000246390 /* AuthenticationDataModel.swift in Sources */ = {isa = PBXBuildFile; fileRef = F306A4172C3A60D000246390 /* AuthenticationDataModel.swift */; };
		F306A41A2C3A64CA00246390 /* AuthenticationManager.swift in Sources */ = {isa = PBXBuildFile; fileRef = F306A4192C3A64CA00246390 /* AuthenticationManager.swift */; };
		F306A41D2C3A713E00246390 /* AuthenticationUsecase.swift in Sources */ = {isa = PBXBuildFile; fileRef = F306A41C2C3A713E00246390 /* AuthenticationUsecase.swift */; };
		F306A4212C416EB100246390 /* SearchUsecase.swift in Sources */ = {isa = PBXBuildFile; fileRef = F306A4202C416EB100246390 /* SearchUsecase.swift */; };
		F32045A62C616DD400A2DFA7 /* RDButtonView.swift in Sources */ = {isa = PBXBuildFile; fileRef = F32045A52C616DD400A2DFA7 /* RDButtonView.swift */; };
		F32045A82C6203E200A2DFA7 /* LaunchingView.swift in Sources */ = {isa = PBXBuildFile; fileRef = F32045A72C6203E200A2DFA7 /* LaunchingView.swift */; };
		F32D3F2A2C3175060084CC79 /* CarouselButtonModifier.swift in Sources */ = {isa = PBXBuildFile; fileRef = F32D3F292C3175060084CC79 /* CarouselButtonModifier.swift */; };
		F32D3F2D2C317A230084CC79 /* PlexGateway.swift in Sources */ = {isa = PBXBuildFile; fileRef = F32D3F2C2C317A230084CC79 /* PlexGateway.swift */; };
		F32D3F302C317A4E0084CC79 /* PlexKit in Frameworks */ = {isa = PBXBuildFile; productRef = F32D3F2F2C317A4E0084CC79 /* PlexKit */; };
		F33B7E072C5D6CFC00F1F49F /* HomeFeature.swift in Sources */ = {isa = PBXBuildFile; fileRef = F33B7E062C5D6CFC00F1F49F /* HomeFeature.swift */; };
		F33B7E092C5D6D2C00F1F49F /* HomeProvider.swift in Sources */ = {isa = PBXBuildFile; fileRef = F33B7E082C5D6D2C00F1F49F /* HomeProvider.swift */; };
		F33B7E0B2C5D6D3500F1F49F /* HomeView.swift in Sources */ = {isa = PBXBuildFile; fileRef = F33B7E0A2C5D6D3500F1F49F /* HomeView.swift */; };
		F33B7E0D2C5D6D4300F1F49F /* HomeDependency.swift in Sources */ = {isa = PBXBuildFile; fileRef = F33B7E0C2C5D6D4300F1F49F /* HomeDependency.swift */; };
		F33B7E0F2C5D6D5100F1F49F /* HomeComponent.swift in Sources */ = {isa = PBXBuildFile; fileRef = F33B7E0E2C5D6D5100F1F49F /* HomeComponent.swift */; };
		F33B7E112C5D6DC100F1F49F /* HomeDataModel.swift in Sources */ = {isa = PBXBuildFile; fileRef = F33B7E102C5D6DC100F1F49F /* HomeDataModel.swift */; };
		F33B7E132C5D7A2900F1F49F /* HomePreview.swift in Sources */ = {isa = PBXBuildFile; fileRef = F33B7E122C5D7A2900F1F49F /* HomePreview.swift */; };
		F34B7D8F2C3834F000587031 /* DependencyManager.swift in Sources */ = {isa = PBXBuildFile; fileRef = F34B7D8E2C3834F000587031 /* DependencyManager.swift */; };
		F36AD4D72C6117F600774C49 /* AppStyling.swift in Sources */ = {isa = PBXBuildFile; fileRef = F36AD4D62C6117F600774C49 /* AppStyling.swift */; };
		F36AD4DC2C6132F300774C49 /* SubscribedDependency.swift in Sources */ = {isa = PBXBuildFile; fileRef = F36AD4DB2C6132F300774C49 /* SubscribedDependency.swift */; };
		F36AD4DE2C61331800774C49 /* SubscribedComponent.swift in Sources */ = {isa = PBXBuildFile; fileRef = F36AD4DD2C61331800774C49 /* SubscribedComponent.swift */; };
		F36AD4E02C61335300774C49 /* SubscribedFeature.swift in Sources */ = {isa = PBXBuildFile; fileRef = F36AD4DF2C61335300774C49 /* SubscribedFeature.swift */; };
		F36AD4E22C61336000774C49 /* SubscribedProvider.swift in Sources */ = {isa = PBXBuildFile; fileRef = F36AD4E12C61336000774C49 /* SubscribedProvider.swift */; };
		F36AD4E42C61336800774C49 /* SubscribedView.swift in Sources */ = {isa = PBXBuildFile; fileRef = F36AD4E32C61336800774C49 /* SubscribedView.swift */; };
		F36AD4E62C6133A700774C49 /* SubscribedDataModel.swift in Sources */ = {isa = PBXBuildFile; fileRef = F36AD4E52C6133A700774C49 /* SubscribedDataModel.swift */; };
		F36AD4E82C61379900774C49 /* LibraryDependency.swift in Sources */ = {isa = PBXBuildFile; fileRef = F36AD4E72C61379900774C49 /* LibraryDependency.swift */; };
		F36AD4EA2C6137CE00774C49 /* LibraryComponent.swift in Sources */ = {isa = PBXBuildFile; fileRef = F36AD4E92C6137CE00774C49 /* LibraryComponent.swift */; };
		F36AD4EC2C61385500774C49 /* LibraryFeature.swift in Sources */ = {isa = PBXBuildFile; fileRef = F36AD4EB2C61385500774C49 /* LibraryFeature.swift */; };
		F36AD4EE2C61389200774C49 /* LibraryProvider.swift in Sources */ = {isa = PBXBuildFile; fileRef = F36AD4ED2C61389200774C49 /* LibraryProvider.swift */; };
		F36AD4F02C6138F100774C49 /* LibraryDataModel.swift in Sources */ = {isa = PBXBuildFile; fileRef = F36AD4EF2C6138F100774C49 /* LibraryDataModel.swift */; };
		F36AD4F22C61395300774C49 /* LibraryView.swift in Sources */ = {isa = PBXBuildFile; fileRef = F36AD4F12C61395300774C49 /* LibraryView.swift */; };
		F36AD4F42C613A6A00774C49 /* SettingsDependency.swift in Sources */ = {isa = PBXBuildFile; fileRef = F36AD4F32C613A6A00774C49 /* SettingsDependency.swift */; };
		F36AD4F62C613AA000774C49 /* SettingsComponent.swift in Sources */ = {isa = PBXBuildFile; fileRef = F36AD4F52C613AA000774C49 /* SettingsComponent.swift */; };
		F36AD4F82C613B3100774C49 /* SettingsProvider.swift in Sources */ = {isa = PBXBuildFile; fileRef = F36AD4F72C613B3100774C49 /* SettingsProvider.swift */; };
		F36AD4FA2C613B5400774C49 /* SettingsDataModel.swift in Sources */ = {isa = PBXBuildFile; fileRef = F36AD4F92C613B5400774C49 /* SettingsDataModel.swift */; };
		F36AD4FC2C613B9C00774C49 /* SettingsFeature.swift in Sources */ = {isa = PBXBuildFile; fileRef = F36AD4FB2C613B9C00774C49 /* SettingsFeature.swift */; };
		F36AD4FE2C613BFB00774C49 /* SettingsView.swift in Sources */ = {isa = PBXBuildFile; fileRef = F36AD4FD2C613BFB00774C49 /* SettingsView.swift */; };
		F36AD5002C613DC700774C49 /* ErrorView.swift in Sources */ = {isa = PBXBuildFile; fileRef = F36AD4FF2C613DC700774C49 /* ErrorView.swift */; };
		F36AD5022C613E1400774C49 /* ConstructionView.swift in Sources */ = {isa = PBXBuildFile; fileRef = F36AD5012C613E1400774C49 /* ConstructionView.swift */; };
		F36AD5052C615FC700774C49 /* AppMetaData.swift in Sources */ = {isa = PBXBuildFile; fileRef = F36AD5042C615FC700774C49 /* AppMetaData.swift */; };
		F392CCB02C610D2C00843540 /* RootView.swift in Sources */ = {isa = PBXBuildFile; fileRef = F392CCAF2C610D2C00843540 /* RootView.swift */; };
		F3A1158A2C2ED9D7000EF645 /* FocusButtonStyle.swift in Sources */ = {isa = PBXBuildFile; fileRef = F3A115892C2ED9D7000EF645 /* FocusButtonStyle.swift */; };
		F3B4DCDF2C31BC6A001176F8 /* PlexRepository.swift in Sources */ = {isa = PBXBuildFile; fileRef = F3B4DCDE2C31BC6A001176F8 /* PlexRepository.swift */; };
		F3B4DCE12C32D223001176F8 /* PlexComponent.swift in Sources */ = {isa = PBXBuildFile; fileRef = F3B4DCE02C32D223001176F8 /* PlexComponent.swift */; };
		F3B4DCE32C32D24E001176F8 /* PlexDependency.swift in Sources */ = {isa = PBXBuildFile; fileRef = F3B4DCE22C32D24E001176F8 /* PlexDependency.swift */; };
		F3B4DD452C32F758001176F8 /* PexelRepository.swift in Sources */ = {isa = PBXBuildFile; fileRef = F3B4DD412C32F758001176F8 /* PexelRepository.swift */; };
		F3B4DD462C32F758001176F8 /* VideoPlayerProvider.swift in Sources */ = {isa = PBXBuildFile; fileRef = F3B4DD422C32F758001176F8 /* VideoPlayerProvider.swift */; };
		F3B4DD472C32F758001176F8 /* VideoPlayerView.swift in Sources */ = {isa = PBXBuildFile; fileRef = F3B4DD432C32F758001176F8 /* VideoPlayerView.swift */; };
		F3B4DD482C32F758001176F8 /* VideoDataModel.swift in Sources */ = {isa = PBXBuildFile; fileRef = F3B4DD442C32F758001176F8 /* VideoDataModel.swift */; };
		F3DB67712C28A32F00F53642 /* ProjectRubberDuckyApp.swift in Sources */ = {isa = PBXBuildFile; fileRef = F3DB67702C28A32F00F53642 /* ProjectRubberDuckyApp.swift */; };
		F3DB67752C28A33100F53642 /* Assets.xcassets in Resources */ = {isa = PBXBuildFile; fileRef = F3DB67742C28A33100F53642 /* Assets.xcassets */; };
		F3DB67782C28A33100F53642 /* Preview Assets.xcassets in Resources */ = {isa = PBXBuildFile; fileRef = F3DB67772C28A33100F53642 /* Preview Assets.xcassets */; };
		F3DB67802C28A36B00F53642 /* NeedleFoundation in Frameworks */ = {isa = PBXBuildFile; productRef = F3DB677F2C28A36B00F53642 /* NeedleFoundation */; };
		F3DB67822C28A37B00F53642 /* NeedleGenerated.swift in Sources */ = {isa = PBXBuildFile; fileRef = F3DB67812C28A37B00F53642 /* NeedleGenerated.swift */; };
		F3DB67872C28A44500F53642 /* RootComponent.swift in Sources */ = {isa = PBXBuildFile; fileRef = F3DB67862C28A44500F53642 /* RootComponent.swift */; };
		F3DB67892C28A4F200F53642 /* Architecture.swift in Sources */ = {isa = PBXBuildFile; fileRef = F3DB67882C28A4F200F53642 /* Architecture.swift */; };
		F3DB678C2C28A5F000F53642 /* TabViewContainerDependency.swift in Sources */ = {isa = PBXBuildFile; fileRef = F3DB678B2C28A5F000F53642 /* TabViewContainerDependency.swift */; };
		F3DB678E2C28A60D00F53642 /* TabViewContainerComponent.swift in Sources */ = {isa = PBXBuildFile; fileRef = F3DB678D2C28A60D00F53642 /* TabViewContainerComponent.swift */; };
		F3DB67902C28A62C00F53642 /* TabViewContainerProvider.swift in Sources */ = {isa = PBXBuildFile; fileRef = F3DB678F2C28A62C00F53642 /* TabViewContainerProvider.swift */; };
		F3DB67922C28A64100F53642 /* TabViewContainerDataModel.swift in Sources */ = {isa = PBXBuildFile; fileRef = F3DB67912C28A64100F53642 /* TabViewContainerDataModel.swift */; };
		F3DB67942C28A68000F53642 /* TabViewContainerView.swift in Sources */ = {isa = PBXBuildFile; fileRef = F3DB67932C28A68000F53642 /* TabViewContainerView.swift */; };
		F3DB67962C28A69B00F53642 /* TabViewContainerFeature.swift in Sources */ = {isa = PBXBuildFile; fileRef = F3DB67952C28A69B00F53642 /* TabViewContainerFeature.swift */; };
		F3DB67992C28A80300F53642 /* VideoPlayerComponent.swift in Sources */ = {isa = PBXBuildFile; fileRef = F3DB67982C28A80300F53642 /* VideoPlayerComponent.swift */; };
		F3DB679B2C28A86E00F53642 /* VideoPlayerDependency.swift in Sources */ = {isa = PBXBuildFile; fileRef = F3DB679A2C28A86E00F53642 /* VideoPlayerDependency.swift */; };
		F3DB679D2C28A8C300F53642 /* VideoPlayerFeature.swift in Sources */ = {isa = PBXBuildFile; fileRef = F3DB679C2C28A8C300F53642 /* VideoPlayerFeature.swift */; };
		F3DB67A82C28B6A200F53642 /* APIFetcher.swift in Sources */ = {isa = PBXBuildFile; fileRef = F3DB67A72C28B6A200F53642 /* APIFetcher.swift */; };
		F3DB67AA2C28B6AF00F53642 /* DataDecoder.swift in Sources */ = {isa = PBXBuildFile; fileRef = F3DB67A92C28B6AF00F53642 /* DataDecoder.swift */; };
		F3DB67AE2C28B7AA00F53642 /* MockFilms.json in Resources */ = {isa = PBXBuildFile; fileRef = F3DB67AC2C28B7AA00F53642 /* MockFilms.json */; };
		F3DB67B02C28B7FC00F53642 /* MockFilmsCodableModel.swift in Sources */ = {isa = PBXBuildFile; fileRef = F3DB67AF2C28B7FC00F53642 /* MockFilmsCodableModel.swift */; };
		F3DB67B32C294F9600F53642 /* PexelCodableModel.swift in Sources */ = {isa = PBXBuildFile; fileRef = F3DB67B22C294F9600F53642 /* PexelCodableModel.swift */; };
		F3DB67B52C294FC600F53642 /* PexelGateway.swift in Sources */ = {isa = PBXBuildFile; fileRef = F3DB67B42C294FC600F53642 /* PexelGateway.swift */; };
		F3DB67B72C29510F00F53642 /* ServiceFetcher.swift in Sources */ = {isa = PBXBuildFile; fileRef = F3DB67B62C29510F00F53642 /* ServiceFetcher.swift */; };
		F3DB67B92C2958A700F53642 /* PexelContent.json in Sources */ = {isa = PBXBuildFile; fileRef = F3DB67B82C2958A700F53642 /* PexelContent.json */; };
		F3DB67BB2C29597300F53642 /* MockFilmsCaller.swift in Sources */ = {isa = PBXBuildFile; fileRef = F3DB67BA2C29597300F53642 /* MockFilmsCaller.swift */; };
		F3DB67DC2C2EAB7400F53642 /* AVPlayerController.swift in Sources */ = {isa = PBXBuildFile; fileRef = F3DB67DB2C2EAB7400F53642 /* AVPlayerController.swift */; };
		F3F13AED2C48E5AE008D6841 /* VideoPlayerPreview.swift in Sources */ = {isa = PBXBuildFile; fileRef = F3F13AEC2C48E5AE008D6841 /* VideoPlayerPreview.swift */; };
		F3F13AEF2C4979CB008D6841 /* UserCodableModel.swift in Sources */ = {isa = PBXBuildFile; fileRef = F3F13AEE2C4979CB008D6841 /* UserCodableModel.swift */; };
		F3F13AF22C537BE0008D6841 /* OnboardingView.swift in Sources */ = {isa = PBXBuildFile; fileRef = F3F13AF12C537BE0008D6841 /* OnboardingView.swift */; };
		F3F13AF42C537CD1008D6841 /* OnboardingComponent.swift in Sources */ = {isa = PBXBuildFile; fileRef = F3F13AF32C537CD1008D6841 /* OnboardingComponent.swift */; };
		F3F13AF62C537CDC008D6841 /* OnboardingFeature.swift in Sources */ = {isa = PBXBuildFile; fileRef = F3F13AF52C537CDB008D6841 /* OnboardingFeature.swift */; };
		F3F13AF82C537CE7008D6841 /* OnboardingProvider.swift in Sources */ = {isa = PBXBuildFile; fileRef = F3F13AF72C537CE7008D6841 /* OnboardingProvider.swift */; };
		F3F13AFA2C537D1B008D6841 /* OnboardingDependency.swift in Sources */ = {isa = PBXBuildFile; fileRef = F3F13AF92C537D1B008D6841 /* OnboardingDependency.swift */; };
		F3F13AFC2C537D7C008D6841 /* OnboardingDataModel.swift in Sources */ = {isa = PBXBuildFile; fileRef = F3F13AFB2C537D7C008D6841 /* OnboardingDataModel.swift */; };
		F3F13B032C537F45008D6841 /* OnboardingUsecase.swift in Sources */ = {isa = PBXBuildFile; fileRef = F3F13B022C537F45008D6841 /* OnboardingUsecase.swift */; };
		F3F13B052C53844E008D6841 /* View+Extension.swift in Sources */ = {isa = PBXBuildFile; fileRef = F3F13B042C53844E008D6841 /* View+Extension.swift */; };
		F3F13B072C552684008D6841 /* MockUser.json in Sources */ = {isa = PBXBuildFile; fileRef = F3F13B062C552684008D6841 /* MockUser.json */; };
/* End PBXBuildFile section */

/* Begin PBXFileReference section */
		F30559232C3952E900B2C9F6 /* Empire2.swift */ = {isa = PBXFileReference; lastKnownFileType = sourcecode.swift; path = Empire2.swift; sourceTree = "<group>"; };
		F30559402C399DF500B2C9F6 /* VideoPlayer.swift */ = {isa = PBXFileReference; lastKnownFileType = sourcecode.swift; path = VideoPlayer.swift; sourceTree = "<group>"; };
		F30559432C39B04800B2C9F6 /* Image+Extension.swift */ = {isa = PBXFileReference; lastKnownFileType = sourcecode.swift; path = "Image+Extension.swift"; sourceTree = "<group>"; };
		F306A4092C3A5BAA00246390 /* AuthenticationView.swift */ = {isa = PBXFileReference; lastKnownFileType = sourcecode.swift; path = AuthenticationView.swift; sourceTree = "<group>"; };
		F306A40C2C3A5FC300246390 /* AuthenticationProvider.swift */ = {isa = PBXFileReference; lastKnownFileType = sourcecode.swift; path = AuthenticationProvider.swift; sourceTree = "<group>"; };
		F306A40E2C3A5FCE00246390 /* AuthenticationFeature.swift */ = {isa = PBXFileReference; lastKnownFileType = sourcecode.swift; path = AuthenticationFeature.swift; sourceTree = "<group>"; };
		F306A4112C3A5FDE00246390 /* AuthenticationComponent.swift */ = {isa = PBXFileReference; lastKnownFileType = sourcecode.swift; path = AuthenticationComponent.swift; sourceTree = "<group>"; };
		F306A4132C3A5FE500246390 /* AuthenticationDependency.swift */ = {isa = PBXFileReference; lastKnownFileType = sourcecode.swift; path = AuthenticationDependency.swift; sourceTree = "<group>"; };
		F306A4172C3A60D000246390 /* AuthenticationDataModel.swift */ = {isa = PBXFileReference; lastKnownFileType = sourcecode.swift; path = AuthenticationDataModel.swift; sourceTree = "<group>"; };
		F306A4192C3A64CA00246390 /* AuthenticationManager.swift */ = {isa = PBXFileReference; lastKnownFileType = sourcecode.swift; path = AuthenticationManager.swift; sourceTree = "<group>"; };
		F306A41C2C3A713E00246390 /* AuthenticationUsecase.swift */ = {isa = PBXFileReference; lastKnownFileType = sourcecode.swift; path = AuthenticationUsecase.swift; sourceTree = "<group>"; };
		F306A4202C416EB100246390 /* SearchUsecase.swift */ = {isa = PBXFileReference; lastKnownFileType = sourcecode.swift; path = SearchUsecase.swift; sourceTree = "<group>"; };
		F32045A52C616DD400A2DFA7 /* RDButtonView.swift */ = {isa = PBXFileReference; lastKnownFileType = sourcecode.swift; path = RDButtonView.swift; sourceTree = "<group>"; };
		F32045A72C6203E200A2DFA7 /* LaunchingView.swift */ = {isa = PBXFileReference; lastKnownFileType = sourcecode.swift; path = LaunchingView.swift; sourceTree = "<group>"; };
		F32D3F292C3175060084CC79 /* CarouselButtonModifier.swift */ = {isa = PBXFileReference; lastKnownFileType = sourcecode.swift; path = CarouselButtonModifier.swift; sourceTree = "<group>"; };
		F32D3F2C2C317A230084CC79 /* PlexGateway.swift */ = {isa = PBXFileReference; lastKnownFileType = sourcecode.swift; path = PlexGateway.swift; sourceTree = "<group>"; };
		F33B7E062C5D6CFC00F1F49F /* HomeFeature.swift */ = {isa = PBXFileReference; lastKnownFileType = sourcecode.swift; path = HomeFeature.swift; sourceTree = "<group>"; };
		F33B7E082C5D6D2C00F1F49F /* HomeProvider.swift */ = {isa = PBXFileReference; lastKnownFileType = sourcecode.swift; path = HomeProvider.swift; sourceTree = "<group>"; };
		F33B7E0A2C5D6D3500F1F49F /* HomeView.swift */ = {isa = PBXFileReference; lastKnownFileType = sourcecode.swift; path = HomeView.swift; sourceTree = "<group>"; };
		F33B7E0C2C5D6D4300F1F49F /* HomeDependency.swift */ = {isa = PBXFileReference; lastKnownFileType = sourcecode.swift; path = HomeDependency.swift; sourceTree = "<group>"; };
		F33B7E0E2C5D6D5100F1F49F /* HomeComponent.swift */ = {isa = PBXFileReference; lastKnownFileType = sourcecode.swift; path = HomeComponent.swift; sourceTree = "<group>"; };
		F33B7E102C5D6DC100F1F49F /* HomeDataModel.swift */ = {isa = PBXFileReference; lastKnownFileType = sourcecode.swift; path = HomeDataModel.swift; sourceTree = "<group>"; };
		F33B7E122C5D7A2900F1F49F /* HomePreview.swift */ = {isa = PBXFileReference; lastKnownFileType = sourcecode.swift; path = HomePreview.swift; sourceTree = "<group>"; };
		F34B7D8E2C3834F000587031 /* DependencyManager.swift */ = {isa = PBXFileReference; lastKnownFileType = sourcecode.swift; path = DependencyManager.swift; sourceTree = "<group>"; };
		F36AD4D62C6117F600774C49 /* AppStyling.swift */ = {isa = PBXFileReference; lastKnownFileType = sourcecode.swift; path = AppStyling.swift; sourceTree = "<group>"; };
		F36AD4DB2C6132F300774C49 /* SubscribedDependency.swift */ = {isa = PBXFileReference; lastKnownFileType = sourcecode.swift; path = SubscribedDependency.swift; sourceTree = "<group>"; };
		F36AD4DD2C61331800774C49 /* SubscribedComponent.swift */ = {isa = PBXFileReference; lastKnownFileType = sourcecode.swift; path = SubscribedComponent.swift; sourceTree = "<group>"; };
		F36AD4DF2C61335300774C49 /* SubscribedFeature.swift */ = {isa = PBXFileReference; lastKnownFileType = sourcecode.swift; path = SubscribedFeature.swift; sourceTree = "<group>"; };
		F36AD4E12C61336000774C49 /* SubscribedProvider.swift */ = {isa = PBXFileReference; lastKnownFileType = sourcecode.swift; path = SubscribedProvider.swift; sourceTree = "<group>"; };
		F36AD4E32C61336800774C49 /* SubscribedView.swift */ = {isa = PBXFileReference; lastKnownFileType = sourcecode.swift; path = SubscribedView.swift; sourceTree = "<group>"; };
		F36AD4E52C6133A700774C49 /* SubscribedDataModel.swift */ = {isa = PBXFileReference; lastKnownFileType = sourcecode.swift; path = SubscribedDataModel.swift; sourceTree = "<group>"; };
		F36AD4E72C61379900774C49 /* LibraryDependency.swift */ = {isa = PBXFileReference; lastKnownFileType = sourcecode.swift; path = LibraryDependency.swift; sourceTree = "<group>"; };
		F36AD4E92C6137CE00774C49 /* LibraryComponent.swift */ = {isa = PBXFileReference; lastKnownFileType = sourcecode.swift; path = LibraryComponent.swift; sourceTree = "<group>"; };
		F36AD4EB2C61385500774C49 /* LibraryFeature.swift */ = {isa = PBXFileReference; lastKnownFileType = sourcecode.swift; path = LibraryFeature.swift; sourceTree = "<group>"; };
		F36AD4ED2C61389200774C49 /* LibraryProvider.swift */ = {isa = PBXFileReference; lastKnownFileType = sourcecode.swift; path = LibraryProvider.swift; sourceTree = "<group>"; };
		F36AD4EF2C6138F100774C49 /* LibraryDataModel.swift */ = {isa = PBXFileReference; lastKnownFileType = sourcecode.swift; path = LibraryDataModel.swift; sourceTree = "<group>"; };
		F36AD4F12C61395300774C49 /* LibraryView.swift */ = {isa = PBXFileReference; lastKnownFileType = sourcecode.swift; path = LibraryView.swift; sourceTree = "<group>"; };
		F36AD4F32C613A6A00774C49 /* SettingsDependency.swift */ = {isa = PBXFileReference; lastKnownFileType = sourcecode.swift; path = SettingsDependency.swift; sourceTree = "<group>"; };
		F36AD4F52C613AA000774C49 /* SettingsComponent.swift */ = {isa = PBXFileReference; lastKnownFileType = sourcecode.swift; path = SettingsComponent.swift; sourceTree = "<group>"; };
		F36AD4F72C613B3100774C49 /* SettingsProvider.swift */ = {isa = PBXFileReference; lastKnownFileType = sourcecode.swift; path = SettingsProvider.swift; sourceTree = "<group>"; };
		F36AD4F92C613B5400774C49 /* SettingsDataModel.swift */ = {isa = PBXFileReference; lastKnownFileType = sourcecode.swift; path = SettingsDataModel.swift; sourceTree = "<group>"; };
		F36AD4FB2C613B9C00774C49 /* SettingsFeature.swift */ = {isa = PBXFileReference; lastKnownFileType = sourcecode.swift; path = SettingsFeature.swift; sourceTree = "<group>"; };
		F36AD4FD2C613BFB00774C49 /* SettingsView.swift */ = {isa = PBXFileReference; lastKnownFileType = sourcecode.swift; path = SettingsView.swift; sourceTree = "<group>"; };
		F36AD4FF2C613DC700774C49 /* ErrorView.swift */ = {isa = PBXFileReference; lastKnownFileType = sourcecode.swift; path = ErrorView.swift; sourceTree = "<group>"; };
		F36AD5012C613E1400774C49 /* ConstructionView.swift */ = {isa = PBXFileReference; lastKnownFileType = sourcecode.swift; path = ConstructionView.swift; sourceTree = "<group>"; };
		F36AD5042C615FC700774C49 /* AppMetaData.swift */ = {isa = PBXFileReference; lastKnownFileType = sourcecode.swift; path = AppMetaData.swift; sourceTree = "<group>"; };
		F392CCAD2C5FA72B00843540 /* PrivacyInfo.xcprivacy */ = {isa = PBXFileReference; lastKnownFileType = text.xml; path = PrivacyInfo.xcprivacy; sourceTree = "<group>"; };
		F392CCAF2C610D2C00843540 /* RootView.swift */ = {isa = PBXFileReference; lastKnownFileType = sourcecode.swift; path = RootView.swift; sourceTree = "<group>"; };
		F3A115892C2ED9D7000EF645 /* FocusButtonStyle.swift */ = {isa = PBXFileReference; lastKnownFileType = sourcecode.swift; path = FocusButtonStyle.swift; sourceTree = "<group>"; };
		F3B4DCDE2C31BC6A001176F8 /* PlexRepository.swift */ = {isa = PBXFileReference; lastKnownFileType = sourcecode.swift; path = PlexRepository.swift; sourceTree = "<group>"; };
		F3B4DCE02C32D223001176F8 /* PlexComponent.swift */ = {isa = PBXFileReference; lastKnownFileType = sourcecode.swift; path = PlexComponent.swift; sourceTree = "<group>"; };
		F3B4DCE22C32D24E001176F8 /* PlexDependency.swift */ = {isa = PBXFileReference; lastKnownFileType = sourcecode.swift; path = PlexDependency.swift; sourceTree = "<group>"; };
		F3B4DD412C32F758001176F8 /* PexelRepository.swift */ = {isa = PBXFileReference; fileEncoding = 4; lastKnownFileType = sourcecode.swift; path = PexelRepository.swift; sourceTree = "<group>"; };
		F3B4DD422C32F758001176F8 /* VideoPlayerProvider.swift */ = {isa = PBXFileReference; fileEncoding = 4; lastKnownFileType = sourcecode.swift; path = VideoPlayerProvider.swift; sourceTree = "<group>"; };
		F3B4DD432C32F758001176F8 /* VideoPlayerView.swift */ = {isa = PBXFileReference; fileEncoding = 4; lastKnownFileType = sourcecode.swift; path = VideoPlayerView.swift; sourceTree = "<group>"; };
		F3B4DD442C32F758001176F8 /* VideoDataModel.swift */ = {isa = PBXFileReference; fileEncoding = 4; lastKnownFileType = sourcecode.swift; path = VideoDataModel.swift; sourceTree = "<group>"; };
		F3DB676D2C28A32F00F53642 /* ProjectRubberDucky.app */ = {isa = PBXFileReference; explicitFileType = wrapper.application; includeInIndex = 0; path = ProjectRubberDucky.app; sourceTree = BUILT_PRODUCTS_DIR; };
		F3DB67702C28A32F00F53642 /* ProjectRubberDuckyApp.swift */ = {isa = PBXFileReference; lastKnownFileType = sourcecode.swift; path = ProjectRubberDuckyApp.swift; sourceTree = "<group>"; };
		F3DB67742C28A33100F53642 /* Assets.xcassets */ = {isa = PBXFileReference; lastKnownFileType = folder.assetcatalog; path = Assets.xcassets; sourceTree = "<group>"; };
		F3DB67772C28A33100F53642 /* Preview Assets.xcassets */ = {isa = PBXFileReference; lastKnownFileType = folder.assetcatalog; path = "Preview Assets.xcassets"; sourceTree = "<group>"; };
		F3DB67812C28A37B00F53642 /* NeedleGenerated.swift */ = {isa = PBXFileReference; lastKnownFileType = sourcecode.swift; name = NeedleGenerated.swift; path = ProjectRubberDucky/NeedleGenerated.swift; sourceTree = SOURCE_ROOT; };
		F3DB67862C28A44500F53642 /* RootComponent.swift */ = {isa = PBXFileReference; lastKnownFileType = sourcecode.swift; path = RootComponent.swift; sourceTree = "<group>"; };
		F3DB67882C28A4F200F53642 /* Architecture.swift */ = {isa = PBXFileReference; lastKnownFileType = sourcecode.swift; path = Architecture.swift; sourceTree = "<group>"; };
		F3DB678B2C28A5F000F53642 /* TabViewContainerDependency.swift */ = {isa = PBXFileReference; lastKnownFileType = sourcecode.swift; path = TabViewContainerDependency.swift; sourceTree = "<group>"; };
		F3DB678D2C28A60D00F53642 /* TabViewContainerComponent.swift */ = {isa = PBXFileReference; lastKnownFileType = sourcecode.swift; path = TabViewContainerComponent.swift; sourceTree = "<group>"; };
		F3DB678F2C28A62C00F53642 /* TabViewContainerProvider.swift */ = {isa = PBXFileReference; lastKnownFileType = sourcecode.swift; path = TabViewContainerProvider.swift; sourceTree = "<group>"; };
		F3DB67912C28A64100F53642 /* TabViewContainerDataModel.swift */ = {isa = PBXFileReference; lastKnownFileType = sourcecode.swift; path = TabViewContainerDataModel.swift; sourceTree = "<group>"; };
		F3DB67932C28A68000F53642 /* TabViewContainerView.swift */ = {isa = PBXFileReference; lastKnownFileType = sourcecode.swift; path = TabViewContainerView.swift; sourceTree = "<group>"; };
		F3DB67952C28A69B00F53642 /* TabViewContainerFeature.swift */ = {isa = PBXFileReference; lastKnownFileType = sourcecode.swift; path = TabViewContainerFeature.swift; sourceTree = "<group>"; };
		F3DB67982C28A80300F53642 /* VideoPlayerComponent.swift */ = {isa = PBXFileReference; lastKnownFileType = sourcecode.swift; path = VideoPlayerComponent.swift; sourceTree = "<group>"; };
		F3DB679A2C28A86E00F53642 /* VideoPlayerDependency.swift */ = {isa = PBXFileReference; lastKnownFileType = sourcecode.swift; path = VideoPlayerDependency.swift; sourceTree = "<group>"; };
		F3DB679C2C28A8C300F53642 /* VideoPlayerFeature.swift */ = {isa = PBXFileReference; lastKnownFileType = sourcecode.swift; path = VideoPlayerFeature.swift; sourceTree = "<group>"; };
		F3DB67A72C28B6A200F53642 /* APIFetcher.swift */ = {isa = PBXFileReference; lastKnownFileType = sourcecode.swift; path = APIFetcher.swift; sourceTree = "<group>"; };
		F3DB67A92C28B6AF00F53642 /* DataDecoder.swift */ = {isa = PBXFileReference; lastKnownFileType = sourcecode.swift; path = DataDecoder.swift; sourceTree = "<group>"; };
		F3DB67AD2C28B7AA00F53642 /* en */ = {isa = PBXFileReference; lastKnownFileType = text.json; name = en; path = en.lproj/MockFilms.json; sourceTree = "<group>"; };
		F3DB67AF2C28B7FC00F53642 /* MockFilmsCodableModel.swift */ = {isa = PBXFileReference; lastKnownFileType = sourcecode.swift; path = MockFilmsCodableModel.swift; sourceTree = "<group>"; };
		F3DB67B22C294F9600F53642 /* PexelCodableModel.swift */ = {isa = PBXFileReference; lastKnownFileType = sourcecode.swift; path = PexelCodableModel.swift; sourceTree = "<group>"; };
		F3DB67B42C294FC600F53642 /* PexelGateway.swift */ = {isa = PBXFileReference; lastKnownFileType = sourcecode.swift; path = PexelGateway.swift; sourceTree = "<group>"; };
		F3DB67B62C29510F00F53642 /* ServiceFetcher.swift */ = {isa = PBXFileReference; lastKnownFileType = sourcecode.swift; path = ServiceFetcher.swift; sourceTree = "<group>"; };
		F3DB67B82C2958A700F53642 /* PexelContent.json */ = {isa = PBXFileReference; lastKnownFileType = text.json; path = PexelContent.json; sourceTree = "<group>"; };
		F3DB67BA2C29597300F53642 /* MockFilmsCaller.swift */ = {isa = PBXFileReference; lastKnownFileType = sourcecode.swift; path = MockFilmsCaller.swift; sourceTree = "<group>"; };
		F3DB67BE2C2E0ABF00F53642 /* Info.plist */ = {isa = PBXFileReference; lastKnownFileType = text.plist; path = Info.plist; sourceTree = "<group>"; };
		F3DB67DB2C2EAB7400F53642 /* AVPlayerController.swift */ = {isa = PBXFileReference; fileEncoding = 4; lastKnownFileType = sourcecode.swift; name = AVPlayerController.swift; path = ProjectRubberDucky/Utilities/Tools/AVPlayerController/AVPlayerController.swift; sourceTree = SOURCE_ROOT; };
		F3F13AEC2C48E5AE008D6841 /* VideoPlayerPreview.swift */ = {isa = PBXFileReference; lastKnownFileType = sourcecode.swift; path = VideoPlayerPreview.swift; sourceTree = "<group>"; };
		F3F13AEE2C4979CB008D6841 /* UserCodableModel.swift */ = {isa = PBXFileReference; lastKnownFileType = sourcecode.swift; path = UserCodableModel.swift; sourceTree = "<group>"; };
		F3F13AF12C537BE0008D6841 /* OnboardingView.swift */ = {isa = PBXFileReference; lastKnownFileType = sourcecode.swift; path = OnboardingView.swift; sourceTree = "<group>"; };
		F3F13AF32C537CD1008D6841 /* OnboardingComponent.swift */ = {isa = PBXFileReference; lastKnownFileType = sourcecode.swift; path = OnboardingComponent.swift; sourceTree = "<group>"; };
		F3F13AF52C537CDB008D6841 /* OnboardingFeature.swift */ = {isa = PBXFileReference; lastKnownFileType = sourcecode.swift; path = OnboardingFeature.swift; sourceTree = "<group>"; };
		F3F13AF72C537CE7008D6841 /* OnboardingProvider.swift */ = {isa = PBXFileReference; lastKnownFileType = sourcecode.swift; path = OnboardingProvider.swift; sourceTree = "<group>"; };
		F3F13AF92C537D1B008D6841 /* OnboardingDependency.swift */ = {isa = PBXFileReference; lastKnownFileType = sourcecode.swift; path = OnboardingDependency.swift; sourceTree = "<group>"; };
		F3F13AFB2C537D7C008D6841 /* OnboardingDataModel.swift */ = {isa = PBXFileReference; lastKnownFileType = sourcecode.swift; path = OnboardingDataModel.swift; sourceTree = "<group>"; };
		F3F13B022C537F45008D6841 /* OnboardingUsecase.swift */ = {isa = PBXFileReference; lastKnownFileType = sourcecode.swift; path = OnboardingUsecase.swift; sourceTree = "<group>"; };
		F3F13B042C53844E008D6841 /* View+Extension.swift */ = {isa = PBXFileReference; lastKnownFileType = sourcecode.swift; path = "View+Extension.swift"; sourceTree = "<group>"; };
		F3F13B062C552684008D6841 /* MockUser.json */ = {isa = PBXFileReference; lastKnownFileType = text.json; path = MockUser.json; sourceTree = "<group>"; };
/* End PBXFileReference section */

/* Begin PBXFrameworksBuildPhase section */
		F3DB676A2C28A32F00F53642 /* Frameworks */ = {
			isa = PBXFrameworksBuildPhase;
			buildActionMask = 2147483647;
			files = (
				F32D3F302C317A4E0084CC79 /* PlexKit in Frameworks */,
				F3DB67802C28A36B00F53642 /* NeedleFoundation in Frameworks */,
			);
			runOnlyForDeploymentPostprocessing = 0;
		};
/* End PBXFrameworksBuildPhase section */

/* Begin PBXGroup section */
		F305593F2C399DE900B2C9F6 /* VideoPlayer */ = {
			isa = PBXGroup;
			children = (
				F30559402C399DF500B2C9F6 /* VideoPlayer.swift */,
			);
			path = VideoPlayer;
			sourceTree = "<group>";
		};
		F30559422C39B03700B2C9F6 /* Extensions */ = {
			isa = PBXGroup;
			children = (
				F30559432C39B04800B2C9F6 /* Image+Extension.swift */,
				F3F13B042C53844E008D6841 /* View+Extension.swift */,
			);
			path = Extensions;
			sourceTree = "<group>";
		};
		F306A4052C3A5B7D00246390 /* AuthenticationFeature */ = {
			isa = PBXGroup;
			children = (
				F306A40E2C3A5FCE00246390 /* AuthenticationFeature.swift */,
				F306A4192C3A64CA00246390 /* AuthenticationManager.swift */,
				F306A41E2C416E8700246390 /* Usecases */,
				F306A4102C3A5FD100246390 /* Dependencies */,
				F306A4152C3A607000246390 /* Models */,
				F306A40B2C3A5FB100246390 /* Providers */,
				F306A4062C3A5B8700246390 /* Views */,
			);
			path = AuthenticationFeature;
			sourceTree = "<group>";
		};
		F306A4062C3A5B8700246390 /* Views */ = {
			isa = PBXGroup;
			children = (
				F306A4092C3A5BAA00246390 /* AuthenticationView.swift */,
			);
			path = Views;
			sourceTree = "<group>";
		};
		F306A40B2C3A5FB100246390 /* Providers */ = {
			isa = PBXGroup;
			children = (
				F306A40C2C3A5FC300246390 /* AuthenticationProvider.swift */,
			);
			path = Providers;
			sourceTree = "<group>";
		};
		F306A4102C3A5FD100246390 /* Dependencies */ = {
			isa = PBXGroup;
			children = (
				F306A4132C3A5FE500246390 /* AuthenticationDependency.swift */,
				F306A4112C3A5FDE00246390 /* AuthenticationComponent.swift */,
			);
			path = Dependencies;
			sourceTree = "<group>";
		};
		F306A4152C3A607000246390 /* Models */ = {
			isa = PBXGroup;
			children = (
				F306A4172C3A60D000246390 /* AuthenticationDataModel.swift */,
				F3F13AEE2C4979CB008D6841 /* UserCodableModel.swift */,
			);
			path = Models;
			sourceTree = "<group>";
		};
		F306A41B2C3A671200246390 /* Needle */ = {
			isa = PBXGroup;
			children = (
				F3DB67812C28A37B00F53642 /* NeedleGenerated.swift */,
			);
			path = Needle;
			sourceTree = "<group>";
		};
		F306A41E2C416E8700246390 /* Usecases */ = {
			isa = PBXGroup;
			children = (
				F306A41C2C3A713E00246390 /* AuthenticationUsecase.swift */,
			);
			path = Usecases;
			sourceTree = "<group>";
		};
		F306A41F2C416E9B00246390 /* Usecases */ = {
			isa = PBXGroup;
			children = (
				F306A4202C416EB100246390 /* SearchUsecase.swift */,
			);
			path = Usecases;
			sourceTree = "<group>";
		};
		F32D3F272C31747F0084CC79 /* UI */ = {
			isa = PBXGroup;
			children = (
				F33B7E142C5D7D1E00F1F49F /* Templates */,
				F305593F2C399DE900B2C9F6 /* VideoPlayer */,
				F3A115882C2ED9B9000EF645 /* ButtonStyles */,
				F32D3F282C3174860084CC79 /* ViewModifiers */,
			);
			path = UI;
			sourceTree = "<group>";
		};
		F32D3F282C3174860084CC79 /* ViewModifiers */ = {
			isa = PBXGroup;
			children = (
				F32D3F292C3175060084CC79 /* CarouselButtonModifier.swift */,
			);
			path = ViewModifiers;
			sourceTree = "<group>";
		};
		F32D3F2B2C317A170084CC79 /* Plex */ = {
			isa = PBXGroup;
			children = (
				F3B4DCE22C32D24E001176F8 /* PlexDependency.swift */,
				F3B4DCE02C32D223001176F8 /* PlexComponent.swift */,
				F3B4DCDE2C31BC6A001176F8 /* PlexRepository.swift */,
				F32D3F2C2C317A230084CC79 /* PlexGateway.swift */,
				F30559232C3952E900B2C9F6 /* Empire2.swift */,
			);
			path = Plex;
			sourceTree = "<group>";
		};
		F32D3F312C31A3DA0084CC79 /* Pexel */ = {
			isa = PBXGroup;
			children = (
				F3B4DD412C32F758001176F8 /* PexelRepository.swift */,
				F3DB67B22C294F9600F53642 /* PexelCodableModel.swift */,
				F3DB67B42C294FC600F53642 /* PexelGateway.swift */,
				F3DB67B82C2958A700F53642 /* PexelContent.json */,
			);
			path = Pexel;
			sourceTree = "<group>";
		};
		F33B7E052C5D6CD600F1F49F /* HomeFeature */ = {
			isa = PBXGroup;
			children = (
				F306A41F2C416E9B00246390 /* Usecases */,
				F33B7E062C5D6CFC00F1F49F /* HomeFeature.swift */,
				F33B7E122C5D7A2900F1F49F /* HomePreview.swift */,
				F33B7E082C5D6D2C00F1F49F /* HomeProvider.swift */,
				F33B7E0A2C5D6D3500F1F49F /* HomeView.swift */,
				F33B7E0C2C5D6D4300F1F49F /* HomeDependency.swift */,
				F33B7E0E2C5D6D5100F1F49F /* HomeComponent.swift */,
				F33B7E102C5D6DC100F1F49F /* HomeDataModel.swift */,
			);
			path = HomeFeature;
			sourceTree = "<group>";
		};
		F33B7E142C5D7D1E00F1F49F /* Templates */ = {
			isa = PBXGroup;
			children = (
				F36AD4FF2C613DC700774C49 /* ErrorView.swift */,
				F36AD5012C613E1400774C49 /* ConstructionView.swift */,
				F32045A52C616DD400A2DFA7 /* RDButtonView.swift */,
				F32045A72C6203E200A2DFA7 /* LaunchingView.swift */,
			);
			path = Templates;
			sourceTree = "<group>";
		};
		F34B7D852C382C1400587031 /* Dependencies */ = {
			isa = PBXGroup;
			children = (
				F3DB679A2C28A86E00F53642 /* VideoPlayerDependency.swift */,
				F3DB67982C28A80300F53642 /* VideoPlayerComponent.swift */,
			);
			path = Dependencies;
			sourceTree = "<group>";
		};
		F34B7D862C382C4600587031 /* Providers */ = {
			isa = PBXGroup;
			children = (
				F3B4DD422C32F758001176F8 /* VideoPlayerProvider.swift */,
			);
			path = Providers;
			sourceTree = "<group>";
		};
		F34B7D872C382C5300587031 /* Views */ = {
			isa = PBXGroup;
			children = (
				F3B4DD432C32F758001176F8 /* VideoPlayerView.swift */,
			);
			path = Views;
			sourceTree = "<group>";
		};
		F34B7D882C382C7100587031 /* Models */ = {
			isa = PBXGroup;
			children = (
				F3B4DD442C32F758001176F8 /* VideoDataModel.swift */,
			);
			path = Models;
			sourceTree = "<group>";
		};
		F34B7D8A2C382CA100587031 /* Dependencies */ = {
			isa = PBXGroup;
			children = (
				F3DB678B2C28A5F000F53642 /* TabViewContainerDependency.swift */,
				F3DB678D2C28A60D00F53642 /* TabViewContainerComponent.swift */,
			);
			path = Dependencies;
			sourceTree = "<group>";
		};
		F34B7D8B2C382CAF00587031 /* Providers */ = {
			isa = PBXGroup;
			children = (
				F3DB678F2C28A62C00F53642 /* TabViewContainerProvider.swift */,
			);
			path = Providers;
			sourceTree = "<group>";
		};
		F34B7D8C2C382CB800587031 /* Models */ = {
			isa = PBXGroup;
			children = (
				F3DB67912C28A64100F53642 /* TabViewContainerDataModel.swift */,
			);
			path = Models;
			sourceTree = "<group>";
		};
		F34B7D8D2C382CC400587031 /* Views */ = {
			isa = PBXGroup;
			children = (
				F3DB67932C28A68000F53642 /* TabViewContainerView.swift */,
			);
			path = Views;
			sourceTree = "<group>";
		};
		F36AD4D52C6117D800774C49 /* Styling */ = {
			isa = PBXGroup;
			children = (
				F36AD4D62C6117F600774C49 /* AppStyling.swift */,
			);
			path = Styling;
			sourceTree = "<group>";
		};
		F36AD4D82C61315400774C49 /* LibraryFeature */ = {
			isa = PBXGroup;
			children = (
				F36AD4E72C61379900774C49 /* LibraryDependency.swift */,
				F36AD4E92C6137CE00774C49 /* LibraryComponent.swift */,
				F36AD4EB2C61385500774C49 /* LibraryFeature.swift */,
				F36AD4ED2C61389200774C49 /* LibraryProvider.swift */,
				F36AD4EF2C6138F100774C49 /* LibraryDataModel.swift */,
				F36AD4F12C61395300774C49 /* LibraryView.swift */,
			);
			path = LibraryFeature;
			sourceTree = "<group>";
		};
		F36AD4D92C61316100774C49 /* SettingsFeature */ = {
			isa = PBXGroup;
			children = (
				F36AD4F32C613A6A00774C49 /* SettingsDependency.swift */,
				F36AD4F52C613AA000774C49 /* SettingsComponent.swift */,
				F36AD4F72C613B3100774C49 /* SettingsProvider.swift */,
				F36AD4F92C613B5400774C49 /* SettingsDataModel.swift */,
				F36AD4FB2C613B9C00774C49 /* SettingsFeature.swift */,
				F36AD4FD2C613BFB00774C49 /* SettingsView.swift */,
			);
			path = SettingsFeature;
			sourceTree = "<group>";
		};
		F36AD4DA2C61319400774C49 /* SubscribedFeature */ = {
			isa = PBXGroup;
			children = (
				F36AD4DB2C6132F300774C49 /* SubscribedDependency.swift */,
				F36AD4DD2C61331800774C49 /* SubscribedComponent.swift */,
				F36AD4DF2C61335300774C49 /* SubscribedFeature.swift */,
				F36AD4E12C61336000774C49 /* SubscribedProvider.swift */,
				F36AD4E52C6133A700774C49 /* SubscribedDataModel.swift */,
				F36AD4E32C61336800774C49 /* SubscribedView.swift */,
			);
			path = SubscribedFeature;
			sourceTree = "<group>";
		};
		F36AD5032C615FB200774C49 /* AppMetaData */ = {
			isa = PBXGroup;
			children = (
				F36AD5042C615FC700774C49 /* AppMetaData.swift */,
			);
			path = AppMetaData;
			sourceTree = "<group>";
		};
		F392CCAE2C610CF500843540 /* Root */ = {
			isa = PBXGroup;
			children = (
				F3DB67862C28A44500F53642 /* RootComponent.swift */,
				F392CCAF2C610D2C00843540 /* RootView.swift */,
			);
			path = Root;
			sourceTree = "<group>";
		};
		F3A115862C2EB19C000EF645 /* Tools */ = {
			isa = PBXGroup;
			children = (
				F3A115872C2EB1A1000EF645 /* AVPlayerController */,
			);
			path = Tools;
			sourceTree = "<group>";
		};
		F3A115872C2EB1A1000EF645 /* AVPlayerController */ = {
			isa = PBXGroup;
			children = (
				F3DB67DB2C2EAB7400F53642 /* AVPlayerController.swift */,
			);
			path = AVPlayerController;
			sourceTree = "<group>";
		};
		F3A115882C2ED9B9000EF645 /* ButtonStyles */ = {
			isa = PBXGroup;
			children = (
				F3A115892C2ED9D7000EF645 /* FocusButtonStyle.swift */,
			);
			path = ButtonStyles;
			sourceTree = "<group>";
		};
		F3DB67642C28A32F00F53642 = {
			isa = PBXGroup;
			children = (
				F3DB676F2C28A32F00F53642 /* ProjectRubberDucky */,
				F3DB676E2C28A32F00F53642 /* Products */,
			);
			sourceTree = "<group>";
		};
		F3DB676E2C28A32F00F53642 /* Products */ = {
			isa = PBXGroup;
			children = (
				F3DB676D2C28A32F00F53642 /* ProjectRubberDucky.app */,
			);
			name = Products;
			sourceTree = "<group>";
		};
		F3DB676F2C28A32F00F53642 /* ProjectRubberDucky */ = {
			isa = PBXGroup;
			children = (
				F3DB67702C28A32F00F53642 /* ProjectRubberDuckyApp.swift */,
				F34B7D8E2C3834F000587031 /* DependencyManager.swift */,
				F306A41B2C3A671200246390 /* Needle */,
				F392CCAE2C610CF500843540 /* Root */,
				F3DB678A2C28A5C900F53642 /* TabViewContainer */,
				F3DB67832C28A38100F53642 /* Features */,
				F3DB67842C28A38500F53642 /* Utilities */,
				F3DB67B12C294F5F00F53642 /* Services */,
				F3DB67AB2C28B6DC00F53642 /* MockContent */,
				F3DB67762C28A33100F53642 /* Preview Content */,
				F3DB67BE2C2E0ABF00F53642 /* Info.plist */,
				F3DB67742C28A33100F53642 /* Assets.xcassets */,
				F392CCAD2C5FA72B00843540 /* PrivacyInfo.xcprivacy */,
			);
			path = ProjectRubberDucky;
			sourceTree = "<group>";
		};
		F3DB67762C28A33100F53642 /* Preview Content */ = {
			isa = PBXGroup;
			children = (
				F3DB67772C28A33100F53642 /* Preview Assets.xcassets */,
			);
			path = "Preview Content";
			sourceTree = "<group>";
		};
		F3DB67832C28A38100F53642 /* Features */ = {
			isa = PBXGroup;
			children = (
				F306A4052C3A5B7D00246390 /* AuthenticationFeature */,
				F3F13AF02C537BC0008D6841 /* OnboardingFeature */,
				F33B7E052C5D6CD600F1F49F /* HomeFeature */,
				F36AD4DA2C61319400774C49 /* SubscribedFeature */,
				F36AD4D82C61315400774C49 /* LibraryFeature */,
				F36AD4D92C61316100774C49 /* SettingsFeature */,
				F3DB67972C28A7E300F53642 /* VideoPlayerFeature */,
			);
			path = Features;
			sourceTree = "<group>";
		};
		F3DB67842C28A38500F53642 /* Utilities */ = {
			isa = PBXGroup;
			children = (
				F36AD5032C615FB200774C49 /* AppMetaData */,
				F36AD4D52C6117D800774C49 /* Styling */,
				F30559422C39B03700B2C9F6 /* Extensions */,
				F32D3F272C31747F0084CC79 /* UI */,
				F3A115862C2EB19C000EF645 /* Tools */,
				F3DB67A62C28B68700F53642 /* Services */,
				F3DB67882C28A4F200F53642 /* Architecture.swift */,
			);
			path = Utilities;
			sourceTree = "<group>";
		};
		F3DB678A2C28A5C900F53642 /* TabViewContainer */ = {
			isa = PBXGroup;
			children = (
				F3DB67952C28A69B00F53642 /* TabViewContainerFeature.swift */,
				F34B7D8D2C382CC400587031 /* Views */,
				F34B7D8C2C382CB800587031 /* Models */,
				F34B7D8B2C382CAF00587031 /* Providers */,
				F34B7D8A2C382CA100587031 /* Dependencies */,
			);
			path = TabViewContainer;
			sourceTree = "<group>";
		};
		F3DB67972C28A7E300F53642 /* VideoPlayerFeature */ = {
			isa = PBXGroup;
			children = (
				F3F13AEC2C48E5AE008D6841 /* VideoPlayerPreview.swift */,
				F3DB679C2C28A8C300F53642 /* VideoPlayerFeature.swift */,
				F34B7D852C382C1400587031 /* Dependencies */,
				F34B7D882C382C7100587031 /* Models */,
				F34B7D862C382C4600587031 /* Providers */,
				F34B7D872C382C5300587031 /* Views */,
			);
			path = VideoPlayerFeature;
			sourceTree = "<group>";
		};
		F3DB67A62C28B68700F53642 /* Services */ = {
			isa = PBXGroup;
			children = (
				F3DB67A72C28B6A200F53642 /* APIFetcher.swift */,
				F3DB67A92C28B6AF00F53642 /* DataDecoder.swift */,
				F3DB67B62C29510F00F53642 /* ServiceFetcher.swift */,
			);
			path = Services;
			sourceTree = "<group>";
		};
		F3DB67AB2C28B6DC00F53642 /* MockContent */ = {
			isa = PBXGroup;
			children = (
				F3DB67AC2C28B7AA00F53642 /* MockFilms.json */,
				F3DB67AF2C28B7FC00F53642 /* MockFilmsCodableModel.swift */,
				F3DB67BA2C29597300F53642 /* MockFilmsCaller.swift */,
				F3F13B062C552684008D6841 /* MockUser.json */,
			);
			path = MockContent;
			sourceTree = "<group>";
		};
		F3DB67B12C294F5F00F53642 /* Services */ = {
			isa = PBXGroup;
			children = (
				F32D3F312C31A3DA0084CC79 /* Pexel */,
				F32D3F2B2C317A170084CC79 /* Plex */,
			);
			path = Services;
			sourceTree = "<group>";
		};
		F3F13AF02C537BC0008D6841 /* OnboardingFeature */ = {
			isa = PBXGroup;
			children = (
				F3F13AF52C537CDB008D6841 /* OnboardingFeature.swift */,
				F3F13B012C537F35008D6841 /* Usecases */,
				F3F13B002C537F0D008D6841 /* Dependencies */,
				F3F13AFF2C537F04008D6841 /* Models */,
				F3F13AFE2C537EF9008D6841 /* Providers */,
				F3F13AFD2C537EEF008D6841 /* Views */,
			);
			path = OnboardingFeature;
			sourceTree = "<group>";
		};
		F3F13AFD2C537EEF008D6841 /* Views */ = {
			isa = PBXGroup;
			children = (
				F3F13AF12C537BE0008D6841 /* OnboardingView.swift */,
			);
			path = Views;
			sourceTree = "<group>";
		};
		F3F13AFE2C537EF9008D6841 /* Providers */ = {
			isa = PBXGroup;
			children = (
				F3F13AF72C537CE7008D6841 /* OnboardingProvider.swift */,
			);
			path = Providers;
			sourceTree = "<group>";
		};
		F3F13AFF2C537F04008D6841 /* Models */ = {
			isa = PBXGroup;
			children = (
				F3F13AFB2C537D7C008D6841 /* OnboardingDataModel.swift */,
			);
			path = Models;
			sourceTree = "<group>";
		};
		F3F13B002C537F0D008D6841 /* Dependencies */ = {
			isa = PBXGroup;
			children = (
				F3F13AF32C537CD1008D6841 /* OnboardingComponent.swift */,
				F3F13AF92C537D1B008D6841 /* OnboardingDependency.swift */,
			);
			path = Dependencies;
			sourceTree = "<group>";
		};
		F3F13B012C537F35008D6841 /* Usecases */ = {
			isa = PBXGroup;
			children = (
				F3F13B022C537F45008D6841 /* OnboardingUsecase.swift */,
			);
			path = Usecases;
			sourceTree = "<group>";
		};
/* End PBXGroup section */

/* Begin PBXNativeTarget section */
		F3DB676C2C28A32F00F53642 /* ProjectRubberDucky */ = {
			isa = PBXNativeTarget;
			buildConfigurationList = F3DB677B2C28A33100F53642 /* Build configuration list for PBXNativeTarget "ProjectRubberDucky" */;
			buildPhases = (
				F3DB67852C28A39D00F53642 /* ShellScript */,
				F3DB67692C28A32F00F53642 /* Sources */,
				F3DB676A2C28A32F00F53642 /* Frameworks */,
				F3DB676B2C28A32F00F53642 /* Resources */,
			);
			buildRules = (
			);
			dependencies = (
			);
			name = ProjectRubberDucky;
			packageProductDependencies = (
				F3DB677F2C28A36B00F53642 /* NeedleFoundation */,
				F32D3F2F2C317A4E0084CC79 /* PlexKit */,
			);
			productName = ProjectRubberDucky;
			productReference = F3DB676D2C28A32F00F53642 /* ProjectRubberDucky.app */;
			productType = "com.apple.product-type.application";
		};
/* End PBXNativeTarget section */

/* Begin PBXProject section */
		F3DB67652C28A32F00F53642 /* Project object */ = {
			isa = PBXProject;
			attributes = {
				BuildIndependentTargetsInParallel = 1;
				LastSwiftUpdateCheck = 1540;
				LastUpgradeCheck = 1540;
				TargetAttributes = {
					F3DB676C2C28A32F00F53642 = {
						CreatedOnToolsVersion = 15.4;
					};
				};
			};
			buildConfigurationList = F3DB67682C28A32F00F53642 /* Build configuration list for PBXProject "ProjectRubberDucky" */;
			compatibilityVersion = "Xcode 14.0";
			developmentRegion = en;
			hasScannedForEncodings = 0;
			knownRegions = (
				en,
				Base,
			);
			mainGroup = F3DB67642C28A32F00F53642;
			packageReferences = (
				F3DB677E2C28A36B00F53642 /* XCRemoteSwiftPackageReference "needle" */,
				F32D3F2E2C317A4E0084CC79 /* XCRemoteSwiftPackageReference "PlexKit" */,
			);
			productRefGroup = F3DB676E2C28A32F00F53642 /* Products */;
			projectDirPath = "";
			projectRoot = "";
			targets = (
				F3DB676C2C28A32F00F53642 /* ProjectRubberDucky */,
			);
		};
/* End PBXProject section */

/* Begin PBXResourcesBuildPhase section */
		F3DB676B2C28A32F00F53642 /* Resources */ = {
			isa = PBXResourcesBuildPhase;
			buildActionMask = 2147483647;
			files = (
				F3DB67782C28A33100F53642 /* Preview Assets.xcassets in Resources */,
				F3DB67752C28A33100F53642 /* Assets.xcassets in Resources */,
				F3DB67AE2C28B7AA00F53642 /* MockFilms.json in Resources */,
			);
			runOnlyForDeploymentPostprocessing = 0;
		};
/* End PBXResourcesBuildPhase section */

/* Begin PBXShellScriptBuildPhase section */
		F3DB67852C28A39D00F53642 /* ShellScript */ = {
			isa = PBXShellScriptBuildPhase;
			buildActionMask = 2147483647;
			files = (
			);
			inputFileListPaths = (
			);
			inputPaths = (
			);
			outputFileListPaths = (
			);
			outputPaths = (
			);
			runOnlyForDeploymentPostprocessing = 0;
			shellPath = /bin/sh;
			shellScript = "# Type a script or drag a script file from your workspace to insert its path.\nif [[ $CONFIGURATION == 'Debug' ]]; then\n    #For M1 Mac compatibility: sudo ln -s /opt/homebrew/bin/needle /usr/local/bin/needle\n    /opt/homebrew/bin/needle generate ProjectRubberDucky/NeedleGenerated.swift ProjectRubberDucky\n    echo \" ✅ Dependency Injection file updated successfully\"\nelse\n    echo \" ❌ Non Debug build detected\"\nfi\n";
		};
/* End PBXShellScriptBuildPhase section */

/* Begin PBXSourcesBuildPhase section */
		F3DB67692C28A32F00F53642 /* Sources */ = {
			isa = PBXSourcesBuildPhase;
			buildActionMask = 2147483647;
			files = (
				F36AD4F82C613B3100774C49 /* SettingsProvider.swift in Sources */,
				F3DB67AA2C28B6AF00F53642 /* DataDecoder.swift in Sources */,
				F36AD4DE2C61331800774C49 /* SubscribedComponent.swift in Sources */,
				F3DB67B92C2958A700F53642 /* PexelContent.json in Sources */,
				F36AD4E62C6133A700774C49 /* SubscribedDataModel.swift in Sources */,
				F306A40F2C3A5FCE00246390 /* AuthenticationFeature.swift in Sources */,
				F36AD4EE2C61389200774C49 /* LibraryProvider.swift in Sources */,
				F306A4122C3A5FDE00246390 /* AuthenticationComponent.swift in Sources */,
				F36AD4F22C61395300774C49 /* LibraryView.swift in Sources */,
				F3DB678E2C28A60D00F53642 /* TabViewContainerComponent.swift in Sources */,
				F3DB67902C28A62C00F53642 /* TabViewContainerProvider.swift in Sources */,
				F36AD4FC2C613B9C00774C49 /* SettingsFeature.swift in Sources */,
				F3B4DD482C32F758001176F8 /* VideoDataModel.swift in Sources */,
				F33B7E0B2C5D6D3500F1F49F /* HomeView.swift in Sources */,
				F3F13B052C53844E008D6841 /* View+Extension.swift in Sources */,
				F3F13AFA2C537D1B008D6841 /* OnboardingDependency.swift in Sources */,
				F3B4DCE32C32D24E001176F8 /* PlexDependency.swift in Sources */,
				F3DB679B2C28A86E00F53642 /* VideoPlayerDependency.swift in Sources */,
				F3B4DCE12C32D223001176F8 /* PlexComponent.swift in Sources */,
				F3B4DD462C32F758001176F8 /* VideoPlayerProvider.swift in Sources */,
				F36AD4E22C61336000774C49 /* SubscribedProvider.swift in Sources */,
				F3DB67A82C28B6A200F53642 /* APIFetcher.swift in Sources */,
				F36AD4EC2C61385500774C49 /* LibraryFeature.swift in Sources */,
				F3F13AED2C48E5AE008D6841 /* VideoPlayerPreview.swift in Sources */,
				F3F13B032C537F45008D6841 /* OnboardingUsecase.swift in Sources */,
				F34B7D8F2C3834F000587031 /* DependencyManager.swift in Sources */,
				F30559442C39B04800B2C9F6 /* Image+Extension.swift in Sources */,
				F3B4DD472C32F758001176F8 /* VideoPlayerView.swift in Sources */,
				F306A40A2C3A5BAA00246390 /* AuthenticationView.swift in Sources */,
				F3DB67BB2C29597300F53642 /* MockFilmsCaller.swift in Sources */,
				F36AD4E42C61336800774C49 /* SubscribedView.swift in Sources */,
				F3F13AEF2C4979CB008D6841 /* UserCodableModel.swift in Sources */,
				F3DB67942C28A68000F53642 /* TabViewContainerView.swift in Sources */,
				F3DB67B52C294FC600F53642 /* PexelGateway.swift in Sources */,
				F3DB67B72C29510F00F53642 /* ServiceFetcher.swift in Sources */,
				F30559242C3952E900B2C9F6 /* Empire2.swift in Sources */,
				F36AD4FE2C613BFB00774C49 /* SettingsView.swift in Sources */,
				F3F13B072C552684008D6841 /* MockUser.json in Sources */,
				F36AD4F62C613AA000774C49 /* SettingsComponent.swift in Sources */,
				F306A41A2C3A64CA00246390 /* AuthenticationManager.swift in Sources */,
				F36AD4EA2C6137CE00774C49 /* LibraryComponent.swift in Sources */,
				F3DB678C2C28A5F000F53642 /* TabViewContainerDependency.swift in Sources */,
				F3F13AF82C537CE7008D6841 /* OnboardingProvider.swift in Sources */,
				F306A4142C3A5FE500246390 /* AuthenticationDependency.swift in Sources */,
				F306A4182C3A60D000246390 /* AuthenticationDataModel.swift in Sources */,
				F32D3F2A2C3175060084CC79 /* CarouselButtonModifier.swift in Sources */,
				F3B4DCDF2C31BC6A001176F8 /* PlexRepository.swift in Sources */,
				F33B7E0D2C5D6D4300F1F49F /* HomeDependency.swift in Sources */,
				F33B7E132C5D7A2900F1F49F /* HomePreview.swift in Sources */,
				F3DB67B02C28B7FC00F53642 /* MockFilmsCodableModel.swift in Sources */,
				F3F13AFC2C537D7C008D6841 /* OnboardingDataModel.swift in Sources */,
				F30559412C399DF500B2C9F6 /* VideoPlayer.swift in Sources */,
				F392CCB02C610D2C00843540 /* RootView.swift in Sources */,
				F3DB67922C28A64100F53642 /* TabViewContainerDataModel.swift in Sources */,
				F3DB67B32C294F9600F53642 /* PexelCodableModel.swift in Sources */,
				F36AD4E02C61335300774C49 /* SubscribedFeature.swift in Sources */,
				F32D3F2D2C317A230084CC79 /* PlexGateway.swift in Sources */,
				F3DB67962C28A69B00F53642 /* TabViewContainerFeature.swift in Sources */,
				F32045A82C6203E200A2DFA7 /* LaunchingView.swift in Sources */,
				F36AD5022C613E1400774C49 /* ConstructionView.swift in Sources */,
				F3DB67DC2C2EAB7400F53642 /* AVPlayerController.swift in Sources */,
				F36AD4D72C6117F600774C49 /* AppStyling.swift in Sources */,
				F3DB67872C28A44500F53642 /* RootComponent.swift in Sources */,
				F3B4DD452C32F758001176F8 /* PexelRepository.swift in Sources */,
				F3DB67992C28A80300F53642 /* VideoPlayerComponent.swift in Sources */,
				F3F13AF42C537CD1008D6841 /* OnboardingComponent.swift in Sources */,
				F3DB67712C28A32F00F53642 /* ProjectRubberDuckyApp.swift in Sources */,
				F306A4212C416EB100246390 /* SearchUsecase.swift in Sources */,
				F33B7E072C5D6CFC00F1F49F /* HomeFeature.swift in Sources */,
				F36AD5002C613DC700774C49 /* ErrorView.swift in Sources */,
				F3DB67822C28A37B00F53642 /* NeedleGenerated.swift in Sources */,
				F306A41D2C3A713E00246390 /* AuthenticationUsecase.swift in Sources */,
				F306A40D2C3A5FC300246390 /* AuthenticationProvider.swift in Sources */,
				F36AD5052C615FC700774C49 /* AppMetaData.swift in Sources */,
				F33B7E112C5D6DC100F1F49F /* HomeDataModel.swift in Sources */,
				F36AD4F42C613A6A00774C49 /* SettingsDependency.swift in Sources */,
				F32045A62C616DD400A2DFA7 /* RDButtonView.swift in Sources */,
				F3F13AF62C537CDC008D6841 /* OnboardingFeature.swift in Sources */,
				F3DB67892C28A4F200F53642 /* Architecture.swift in Sources */,
				F36AD4DC2C6132F300774C49 /* SubscribedDependency.swift in Sources */,
				F36AD4FA2C613B5400774C49 /* SettingsDataModel.swift in Sources */,
				F3F13AF22C537BE0008D6841 /* OnboardingView.swift in Sources */,
				F33B7E092C5D6D2C00F1F49F /* HomeProvider.swift in Sources */,
				F3DB679D2C28A8C300F53642 /* VideoPlayerFeature.swift in Sources */,
				F3A1158A2C2ED9D7000EF645 /* FocusButtonStyle.swift in Sources */,
				F36AD4F02C6138F100774C49 /* LibraryDataModel.swift in Sources */,
				F36AD4E82C61379900774C49 /* LibraryDependency.swift in Sources */,
				F33B7E0F2C5D6D5100F1F49F /* HomeComponent.swift in Sources */,
			);
			runOnlyForDeploymentPostprocessing = 0;
		};
/* End PBXSourcesBuildPhase section */

/* Begin PBXVariantGroup section */
		F3DB67AC2C28B7AA00F53642 /* MockFilms.json */ = {
			isa = PBXVariantGroup;
			children = (
				F3DB67AD2C28B7AA00F53642 /* en */,
			);
			name = MockFilms.json;
			sourceTree = "<group>";
		};
/* End PBXVariantGroup section */

/* Begin XCBuildConfiguration section */
		F3DB67792C28A33100F53642 /* Debug */ = {
			isa = XCBuildConfiguration;
			buildSettings = {
				ALWAYS_SEARCH_USER_PATHS = NO;
				ASSETCATALOG_COMPILER_GENERATE_SWIFT_ASSET_SYMBOL_EXTENSIONS = YES;
				CLANG_ANALYZER_NONNULL = YES;
				CLANG_ANALYZER_NUMBER_OBJECT_CONVERSION = YES_AGGRESSIVE;
				CLANG_CXX_LANGUAGE_STANDARD = "gnu++20";
				CLANG_ENABLE_MODULES = YES;
				CLANG_ENABLE_OBJC_ARC = YES;
				CLANG_ENABLE_OBJC_WEAK = YES;
				CLANG_WARN_BLOCK_CAPTURE_AUTORELEASING = YES;
				CLANG_WARN_BOOL_CONVERSION = YES;
				CLANG_WARN_COMMA = YES;
				CLANG_WARN_CONSTANT_CONVERSION = YES;
				CLANG_WARN_DEPRECATED_OBJC_IMPLEMENTATIONS = YES;
				CLANG_WARN_DIRECT_OBJC_ISA_USAGE = YES_ERROR;
				CLANG_WARN_DOCUMENTATION_COMMENTS = YES;
				CLANG_WARN_EMPTY_BODY = YES;
				CLANG_WARN_ENUM_CONVERSION = YES;
				CLANG_WARN_INFINITE_RECURSION = YES;
				CLANG_WARN_INT_CONVERSION = YES;
				CLANG_WARN_NON_LITERAL_NULL_CONVERSION = YES;
				CLANG_WARN_OBJC_IMPLICIT_RETAIN_SELF = YES;
				CLANG_WARN_OBJC_LITERAL_CONVERSION = YES;
				CLANG_WARN_OBJC_ROOT_CLASS = YES_ERROR;
				CLANG_WARN_QUOTED_INCLUDE_IN_FRAMEWORK_HEADER = YES;
				CLANG_WARN_RANGE_LOOP_ANALYSIS = YES;
				CLANG_WARN_STRICT_PROTOTYPES = YES;
				CLANG_WARN_SUSPICIOUS_MOVE = YES;
				CLANG_WARN_UNGUARDED_AVAILABILITY = YES_AGGRESSIVE;
				CLANG_WARN_UNREACHABLE_CODE = YES;
				CLANG_WARN__DUPLICATE_METHOD_MATCH = YES;
				COPY_PHASE_STRIP = NO;
				DEBUG_INFORMATION_FORMAT = dwarf;
				ENABLE_STRICT_OBJC_MSGSEND = YES;
				ENABLE_TESTABILITY = YES;
				ENABLE_USER_SCRIPT_SANDBOXING = YES;
				GCC_C_LANGUAGE_STANDARD = gnu17;
				GCC_DYNAMIC_NO_PIC = NO;
				GCC_NO_COMMON_BLOCKS = YES;
				GCC_OPTIMIZATION_LEVEL = 0;
				GCC_PREPROCESSOR_DEFINITIONS = (
					"DEBUG=1",
					"$(inherited)",
				);
				GCC_WARN_64_TO_32_BIT_CONVERSION = YES;
				GCC_WARN_ABOUT_RETURN_TYPE = YES_ERROR;
				GCC_WARN_UNDECLARED_SELECTOR = YES;
				GCC_WARN_UNINITIALIZED_AUTOS = YES_AGGRESSIVE;
				GCC_WARN_UNUSED_FUNCTION = YES;
				GCC_WARN_UNUSED_VARIABLE = YES;
				IPHONEOS_DEPLOYMENT_TARGET = 17.5;
				LOCALIZATION_PREFERS_STRING_CATALOGS = YES;
				MTL_ENABLE_DEBUG_INFO = INCLUDE_SOURCE;
				MTL_FAST_MATH = YES;
				ONLY_ACTIVE_ARCH = YES;
				SDKROOT = iphoneos;
				SWIFT_ACTIVE_COMPILATION_CONDITIONS = "DEBUG $(inherited)";
				SWIFT_OPTIMIZATION_LEVEL = "-Onone";
			};
			name = Debug;
		};
		F3DB677A2C28A33100F53642 /* Release */ = {
			isa = XCBuildConfiguration;
			buildSettings = {
				ALWAYS_SEARCH_USER_PATHS = NO;
				ASSETCATALOG_COMPILER_GENERATE_SWIFT_ASSET_SYMBOL_EXTENSIONS = YES;
				CLANG_ANALYZER_NONNULL = YES;
				CLANG_ANALYZER_NUMBER_OBJECT_CONVERSION = YES_AGGRESSIVE;
				CLANG_CXX_LANGUAGE_STANDARD = "gnu++20";
				CLANG_ENABLE_MODULES = YES;
				CLANG_ENABLE_OBJC_ARC = YES;
				CLANG_ENABLE_OBJC_WEAK = YES;
				CLANG_WARN_BLOCK_CAPTURE_AUTORELEASING = YES;
				CLANG_WARN_BOOL_CONVERSION = YES;
				CLANG_WARN_COMMA = YES;
				CLANG_WARN_CONSTANT_CONVERSION = YES;
				CLANG_WARN_DEPRECATED_OBJC_IMPLEMENTATIONS = YES;
				CLANG_WARN_DIRECT_OBJC_ISA_USAGE = YES_ERROR;
				CLANG_WARN_DOCUMENTATION_COMMENTS = YES;
				CLANG_WARN_EMPTY_BODY = YES;
				CLANG_WARN_ENUM_CONVERSION = YES;
				CLANG_WARN_INFINITE_RECURSION = YES;
				CLANG_WARN_INT_CONVERSION = YES;
				CLANG_WARN_NON_LITERAL_NULL_CONVERSION = YES;
				CLANG_WARN_OBJC_IMPLICIT_RETAIN_SELF = YES;
				CLANG_WARN_OBJC_LITERAL_CONVERSION = YES;
				CLANG_WARN_OBJC_ROOT_CLASS = YES_ERROR;
				CLANG_WARN_QUOTED_INCLUDE_IN_FRAMEWORK_HEADER = YES;
				CLANG_WARN_RANGE_LOOP_ANALYSIS = YES;
				CLANG_WARN_STRICT_PROTOTYPES = YES;
				CLANG_WARN_SUSPICIOUS_MOVE = YES;
				CLANG_WARN_UNGUARDED_AVAILABILITY = YES_AGGRESSIVE;
				CLANG_WARN_UNREACHABLE_CODE = YES;
				CLANG_WARN__DUPLICATE_METHOD_MATCH = YES;
				COPY_PHASE_STRIP = NO;
				DEBUG_INFORMATION_FORMAT = "dwarf-with-dsym";
				ENABLE_NS_ASSERTIONS = NO;
				ENABLE_STRICT_OBJC_MSGSEND = YES;
				ENABLE_USER_SCRIPT_SANDBOXING = YES;
				GCC_C_LANGUAGE_STANDARD = gnu17;
				GCC_NO_COMMON_BLOCKS = YES;
				GCC_WARN_64_TO_32_BIT_CONVERSION = YES;
				GCC_WARN_ABOUT_RETURN_TYPE = YES_ERROR;
				GCC_WARN_UNDECLARED_SELECTOR = YES;
				GCC_WARN_UNINITIALIZED_AUTOS = YES_AGGRESSIVE;
				GCC_WARN_UNUSED_FUNCTION = YES;
				GCC_WARN_UNUSED_VARIABLE = YES;
				IPHONEOS_DEPLOYMENT_TARGET = 17.5;
				LOCALIZATION_PREFERS_STRING_CATALOGS = YES;
				MTL_ENABLE_DEBUG_INFO = NO;
				MTL_FAST_MATH = YES;
				SDKROOT = iphoneos;
				SWIFT_COMPILATION_MODE = wholemodule;
				VALIDATE_PRODUCT = YES;
			};
			name = Release;
		};
		F3DB677C2C28A33100F53642 /* Debug */ = {
			isa = XCBuildConfiguration;
			buildSettings = {
				ASSETCATALOG_COMPILER_APPICON_NAME = AppIcon;
				ASSETCATALOG_COMPILER_GLOBAL_ACCENT_COLOR_NAME = AccentColor;
				CODE_SIGN_STYLE = Automatic;
				CURRENT_PROJECT_VERSION = 1;
				DEVELOPMENT_ASSET_PATHS = "\"ProjectRubberDucky/Preview Content\"";
				DEVELOPMENT_TEAM = MEKPW4F5YF;
				ENABLE_PREVIEWS = YES;
				GENERATE_INFOPLIST_FILE = YES;
				INFOPLIST_FILE = ProjectRubberDucky/Info.plist;
				INFOPLIST_KEY_UIApplicationSceneManifest_Generation = YES;
				INFOPLIST_KEY_UIApplicationSupportsIndirectInputEvents = YES;
				INFOPLIST_KEY_UILaunchScreen_Generation = YES;
				INFOPLIST_KEY_UISupportedInterfaceOrientations_iPad = "UIInterfaceOrientationPortrait UIInterfaceOrientationPortraitUpsideDown UIInterfaceOrientationLandscapeLeft UIInterfaceOrientationLandscapeRight";
				INFOPLIST_KEY_UISupportedInterfaceOrientations_iPhone = "UIInterfaceOrientationPortrait UIInterfaceOrientationLandscapeLeft UIInterfaceOrientationLandscapeRight";
				INFOPLIST_KEY_UIUserInterfaceStyle = Dark;
				LD_RUNPATH_SEARCH_PATHS = (
					"$(inherited)",
					"@executable_path/Frameworks",
				);
				MARKETING_VERSION = 1.0;
				PRODUCT_BUNDLE_IDENTIFIER = com.ruan.jansen.ProjectRubberDucky;
				PRODUCT_NAME = "$(TARGET_NAME)";
				SUPPORTED_PLATFORMS = "appletvos appletvsimulator iphoneos iphonesimulator";
				SUPPORTS_MACCATALYST = NO;
				SWIFT_EMIT_LOC_STRINGS = YES;
				SWIFT_VERSION = 5.0;
				TARGETED_DEVICE_FAMILY = "1,2,3";
			};
			name = Debug;
		};
		F3DB677D2C28A33100F53642 /* Release */ = {
			isa = XCBuildConfiguration;
			buildSettings = {
				ASSETCATALOG_COMPILER_APPICON_NAME = AppIcon;
				ASSETCATALOG_COMPILER_GLOBAL_ACCENT_COLOR_NAME = AccentColor;
				CODE_SIGN_STYLE = Automatic;
				CURRENT_PROJECT_VERSION = 1;
				DEVELOPMENT_ASSET_PATHS = "\"ProjectRubberDucky/Preview Content\"";
				DEVELOPMENT_TEAM = MEKPW4F5YF;
				ENABLE_PREVIEWS = YES;
				GENERATE_INFOPLIST_FILE = YES;
				INFOPLIST_FILE = ProjectRubberDucky/Info.plist;
				INFOPLIST_KEY_UIApplicationSceneManifest_Generation = YES;
				INFOPLIST_KEY_UIApplicationSupportsIndirectInputEvents = YES;
				INFOPLIST_KEY_UILaunchScreen_Generation = YES;
				INFOPLIST_KEY_UISupportedInterfaceOrientations_iPad = "UIInterfaceOrientationPortrait UIInterfaceOrientationPortraitUpsideDown UIInterfaceOrientationLandscapeLeft UIInterfaceOrientationLandscapeRight";
				INFOPLIST_KEY_UISupportedInterfaceOrientations_iPhone = "UIInterfaceOrientationPortrait UIInterfaceOrientationLandscapeLeft UIInterfaceOrientationLandscapeRight";
				INFOPLIST_KEY_UIUserInterfaceStyle = Dark;
				LD_RUNPATH_SEARCH_PATHS = (
					"$(inherited)",
					"@executable_path/Frameworks",
				);
				MARKETING_VERSION = 1.0;
				PRODUCT_BUNDLE_IDENTIFIER = com.ruan.jansen.ProjectRubberDucky;
				PRODUCT_NAME = "$(TARGET_NAME)";
				SUPPORTED_PLATFORMS = "appletvos appletvsimulator iphoneos iphonesimulator";
				SUPPORTS_MACCATALYST = NO;
				SWIFT_EMIT_LOC_STRINGS = YES;
				SWIFT_VERSION = 5.0;
				TARGETED_DEVICE_FAMILY = "1,2,3";
			};
			name = Release;
		};
/* End XCBuildConfiguration section */

/* Begin XCConfigurationList section */
		F3DB67682C28A32F00F53642 /* Build configuration list for PBXProject "ProjectRubberDucky" */ = {
			isa = XCConfigurationList;
			buildConfigurations = (
				F3DB67792C28A33100F53642 /* Debug */,
				F3DB677A2C28A33100F53642 /* Release */,
			);
			defaultConfigurationIsVisible = 0;
			defaultConfigurationName = Release;
		};
		F3DB677B2C28A33100F53642 /* Build configuration list for PBXNativeTarget "ProjectRubberDucky" */ = {
			isa = XCConfigurationList;
			buildConfigurations = (
				F3DB677C2C28A33100F53642 /* Debug */,
				F3DB677D2C28A33100F53642 /* Release */,
			);
			defaultConfigurationIsVisible = 0;
			defaultConfigurationName = Release;
		};
/* End XCConfigurationList section */

/* Begin XCRemoteSwiftPackageReference section */
		F32D3F2E2C317A4E0084CC79 /* XCRemoteSwiftPackageReference "PlexKit" */ = {
			isa = XCRemoteSwiftPackageReference;
			repositoryURL = "https://github.com/lcharlick/PlexKit.git";
			requirement = {
				kind = upToNextMajorVersion;
				minimumVersion = 1.7.1;
			};
		};
		F3DB677E2C28A36B00F53642 /* XCRemoteSwiftPackageReference "needle" */ = {
			isa = XCRemoteSwiftPackageReference;
			repositoryURL = "https://github.com/uber/needle.git";
			requirement = {
				branch = master;
				kind = branch;
			};
		};
/* End XCRemoteSwiftPackageReference section */

/* Begin XCSwiftPackageProductDependency section */
		F32D3F2F2C317A4E0084CC79 /* PlexKit */ = {
			isa = XCSwiftPackageProductDependency;
			package = F32D3F2E2C317A4E0084CC79 /* XCRemoteSwiftPackageReference "PlexKit" */;
			productName = PlexKit;
		};
		F3DB677F2C28A36B00F53642 /* NeedleFoundation */ = {
			isa = XCSwiftPackageProductDependency;
			package = F3DB677E2C28A36B00F53642 /* XCRemoteSwiftPackageReference "needle" */;
			productName = NeedleFoundation;
		};
/* End XCSwiftPackageProductDependency section */
	};
	rootObject = F3DB67652C28A32F00F53642 /* Project object */;
}
