// !$*UTF8*$!
{
	archiveVersion = 1;
	classes = {
	};
	objectVersion = 56;
	objects = {

/* Begin PBXBuildFile section */
		F3A1158A2C2ED9D7000EF645 /* FocusButtonStyle.swift in Sources */ = {isa = PBXBuildFile; fileRef = F3A115892C2ED9D7000EF645 /* FocusButtonStyle.swift */; };
		F3DB67712C28A32F00F53642 /* ProjectRubberDuckyApp.swift in Sources */ = {isa = PBXBuildFile; fileRef = F3DB67702C28A32F00F53642 /* ProjectRubberDuckyApp.swift */; };
		F3DB67732C28A32F00F53642 /* ContentView.swift in Sources */ = {isa = PBXBuildFile; fileRef = F3DB67722C28A32F00F53642 /* ContentView.swift */; };
		F3DB67752C28A33100F53642 /* Assets.xcassets in Resources */ = {isa = PBXBuildFile; fileRef = F3DB67742C28A33100F53642 /* Assets.xcassets */; };
		F3DB67782C28A33100F53642 /* Preview Assets.xcassets in Resources */ = {isa = PBXBuildFile; fileRef = F3DB67772C28A33100F53642 /* Preview Assets.xcassets */; };
		F3DB67802C28A36B00F53642 /* NeedleFoundation in Frameworks */ = {isa = PBXBuildFile; productRef = F3DB677F2C28A36B00F53642 /* NeedleFoundation */; };
		F3DB67822C28A37B00F53642 /* NeedleGenerated.swift in Sources */ = {isa = PBXBuildFile; fileRef = F3DB67812C28A37B00F53642 /* NeedleGenerated.swift */; };
		F3DB67872C28A44500F53642 /* RootComponent.swift in Sources */ = {isa = PBXBuildFile; fileRef = F3DB67862C28A44500F53642 /* RootComponent.swift */; };
		F3DB67892C28A4F200F53642 /* Architecture.swift in Sources */ = {isa = PBXBuildFile; fileRef = F3DB67882C28A4F200F53642 /* Architecture.swift */; };
		F3DB678C2C28A5F000F53642 /* TabViewContainerDependencies.swift in Sources */ = {isa = PBXBuildFile; fileRef = F3DB678B2C28A5F000F53642 /* TabViewContainerDependencies.swift */; };
		F3DB678E2C28A60D00F53642 /* TabViewContainerComponent.swift in Sources */ = {isa = PBXBuildFile; fileRef = F3DB678D2C28A60D00F53642 /* TabViewContainerComponent.swift */; };
		F3DB67902C28A62C00F53642 /* TabViewContainerProvider.swift in Sources */ = {isa = PBXBuildFile; fileRef = F3DB678F2C28A62C00F53642 /* TabViewContainerProvider.swift */; };
		F3DB67922C28A64100F53642 /* TabViewContainerDataModel.swift in Sources */ = {isa = PBXBuildFile; fileRef = F3DB67912C28A64100F53642 /* TabViewContainerDataModel.swift */; };
		F3DB67942C28A68000F53642 /* TabViewContainerView.swift in Sources */ = {isa = PBXBuildFile; fileRef = F3DB67932C28A68000F53642 /* TabViewContainerView.swift */; };
		F3DB67962C28A69B00F53642 /* TabViewContainerFeature.swift in Sources */ = {isa = PBXBuildFile; fileRef = F3DB67952C28A69B00F53642 /* TabViewContainerFeature.swift */; };
		F3DB67992C28A80300F53642 /* VideoPlayerComponent.swift in Sources */ = {isa = PBXBuildFile; fileRef = F3DB67982C28A80300F53642 /* VideoPlayerComponent.swift */; };
		F3DB679B2C28A86E00F53642 /* VideoPlayerDependencies.swift in Sources */ = {isa = PBXBuildFile; fileRef = F3DB679A2C28A86E00F53642 /* VideoPlayerDependencies.swift */; };
		F3DB679D2C28A8C300F53642 /* VideoPlayerFeature.swift in Sources */ = {isa = PBXBuildFile; fileRef = F3DB679C2C28A8C300F53642 /* VideoPlayerFeature.swift */; };
		F3DB679F2C28A8D700F53642 /* VideoPlayerProvider.swift in Sources */ = {isa = PBXBuildFile; fileRef = F3DB679E2C28A8D700F53642 /* VideoPlayerProvider.swift */; };
		F3DB67A12C28A8E100F53642 /* VideoPlayerView.swift in Sources */ = {isa = PBXBuildFile; fileRef = F3DB67A02C28A8E100F53642 /* VideoPlayerView.swift */; };
		F3DB67A32C28A97800F53642 /* VideoPlayerDataModel.swift in Sources */ = {isa = PBXBuildFile; fileRef = F3DB67A22C28A97800F53642 /* VideoPlayerDataModel.swift */; };
		F3DB67A52C28A9BF00F53642 /* VideoRepository.swift in Sources */ = {isa = PBXBuildFile; fileRef = F3DB67A42C28A9BF00F53642 /* VideoRepository.swift */; };
		F3DB67A82C28B6A200F53642 /* APIFetcher.swift in Sources */ = {isa = PBXBuildFile; fileRef = F3DB67A72C28B6A200F53642 /* APIFetcher.swift */; };
		F3DB67AA2C28B6AF00F53642 /* DataDecoder.swift in Sources */ = {isa = PBXBuildFile; fileRef = F3DB67A92C28B6AF00F53642 /* DataDecoder.swift */; };
		F3DB67AE2C28B7AA00F53642 /* MockFilms.json in Resources */ = {isa = PBXBuildFile; fileRef = F3DB67AC2C28B7AA00F53642 /* MockFilms.json */; };
		F3DB67B02C28B7FC00F53642 /* MockFilmsCodableModel.swift in Sources */ = {isa = PBXBuildFile; fileRef = F3DB67AF2C28B7FC00F53642 /* MockFilmsCodableModel.swift */; };
		F3DB67B32C294F9600F53642 /* PexelCodableModel.swift in Sources */ = {isa = PBXBuildFile; fileRef = F3DB67B22C294F9600F53642 /* PexelCodableModel.swift */; };
		F3DB67B52C294FC600F53642 /* PexelCaller.swift in Sources */ = {isa = PBXBuildFile; fileRef = F3DB67B42C294FC600F53642 /* PexelCaller.swift */; };
		F3DB67B72C29510F00F53642 /* ServiceFetcher.swift in Sources */ = {isa = PBXBuildFile; fileRef = F3DB67B62C29510F00F53642 /* ServiceFetcher.swift */; };
		F3DB67B92C2958A700F53642 /* PexelContent.json in Sources */ = {isa = PBXBuildFile; fileRef = F3DB67B82C2958A700F53642 /* PexelContent.json */; };
		F3DB67BB2C29597300F53642 /* MockFilmsCaller.swift in Sources */ = {isa = PBXBuildFile; fileRef = F3DB67BA2C29597300F53642 /* MockFilmsCaller.swift */; };
		F3DB67DC2C2EAB7400F53642 /* AVPlayerController.swift in Sources */ = {isa = PBXBuildFile; fileRef = F3DB67DB2C2EAB7400F53642 /* AVPlayerController.swift */; };
/* End PBXBuildFile section */

/* Begin PBXFileReference section */
		F3A115892C2ED9D7000EF645 /* FocusButtonStyle.swift */ = {isa = PBXFileReference; lastKnownFileType = sourcecode.swift; path = FocusButtonStyle.swift; sourceTree = "<group>"; };
		F3DB676D2C28A32F00F53642 /* ProjectRubberDucky.app */ = {isa = PBXFileReference; explicitFileType = wrapper.application; includeInIndex = 0; path = ProjectRubberDucky.app; sourceTree = BUILT_PRODUCTS_DIR; };
		F3DB67702C28A32F00F53642 /* ProjectRubberDuckyApp.swift */ = {isa = PBXFileReference; lastKnownFileType = sourcecode.swift; path = ProjectRubberDuckyApp.swift; sourceTree = "<group>"; };
		F3DB67722C28A32F00F53642 /* ContentView.swift */ = {isa = PBXFileReference; lastKnownFileType = sourcecode.swift; path = ContentView.swift; sourceTree = "<group>"; };
		F3DB67742C28A33100F53642 /* Assets.xcassets */ = {isa = PBXFileReference; lastKnownFileType = folder.assetcatalog; path = Assets.xcassets; sourceTree = "<group>"; };
		F3DB67772C28A33100F53642 /* Preview Assets.xcassets */ = {isa = PBXFileReference; lastKnownFileType = folder.assetcatalog; path = "Preview Assets.xcassets"; sourceTree = "<group>"; };
		F3DB67812C28A37B00F53642 /* NeedleGenerated.swift */ = {isa = PBXFileReference; lastKnownFileType = sourcecode.swift; path = NeedleGenerated.swift; sourceTree = "<group>"; };
		F3DB67862C28A44500F53642 /* RootComponent.swift */ = {isa = PBXFileReference; lastKnownFileType = sourcecode.swift; path = RootComponent.swift; sourceTree = "<group>"; };
		F3DB67882C28A4F200F53642 /* Architecture.swift */ = {isa = PBXFileReference; lastKnownFileType = sourcecode.swift; path = Architecture.swift; sourceTree = "<group>"; };
		F3DB678B2C28A5F000F53642 /* TabViewContainerDependencies.swift */ = {isa = PBXFileReference; lastKnownFileType = sourcecode.swift; path = TabViewContainerDependencies.swift; sourceTree = "<group>"; };
		F3DB678D2C28A60D00F53642 /* TabViewContainerComponent.swift */ = {isa = PBXFileReference; lastKnownFileType = sourcecode.swift; path = TabViewContainerComponent.swift; sourceTree = "<group>"; };
		F3DB678F2C28A62C00F53642 /* TabViewContainerProvider.swift */ = {isa = PBXFileReference; lastKnownFileType = sourcecode.swift; path = TabViewContainerProvider.swift; sourceTree = "<group>"; };
		F3DB67912C28A64100F53642 /* TabViewContainerDataModel.swift */ = {isa = PBXFileReference; lastKnownFileType = sourcecode.swift; path = TabViewContainerDataModel.swift; sourceTree = "<group>"; };
		F3DB67932C28A68000F53642 /* TabViewContainerView.swift */ = {isa = PBXFileReference; lastKnownFileType = sourcecode.swift; path = TabViewContainerView.swift; sourceTree = "<group>"; };
		F3DB67952C28A69B00F53642 /* TabViewContainerFeature.swift */ = {isa = PBXFileReference; lastKnownFileType = sourcecode.swift; path = TabViewContainerFeature.swift; sourceTree = "<group>"; };
		F3DB67982C28A80300F53642 /* VideoPlayerComponent.swift */ = {isa = PBXFileReference; lastKnownFileType = sourcecode.swift; path = VideoPlayerComponent.swift; sourceTree = "<group>"; };
		F3DB679A2C28A86E00F53642 /* VideoPlayerDependencies.swift */ = {isa = PBXFileReference; lastKnownFileType = sourcecode.swift; path = VideoPlayerDependencies.swift; sourceTree = "<group>"; };
		F3DB679C2C28A8C300F53642 /* VideoPlayerFeature.swift */ = {isa = PBXFileReference; lastKnownFileType = sourcecode.swift; path = VideoPlayerFeature.swift; sourceTree = "<group>"; };
		F3DB679E2C28A8D700F53642 /* VideoPlayerProvider.swift */ = {isa = PBXFileReference; lastKnownFileType = sourcecode.swift; path = VideoPlayerProvider.swift; sourceTree = "<group>"; };
		F3DB67A02C28A8E100F53642 /* VideoPlayerView.swift */ = {isa = PBXFileReference; lastKnownFileType = sourcecode.swift; path = VideoPlayerView.swift; sourceTree = "<group>"; };
		F3DB67A22C28A97800F53642 /* VideoPlayerDataModel.swift */ = {isa = PBXFileReference; lastKnownFileType = sourcecode.swift; path = VideoPlayerDataModel.swift; sourceTree = "<group>"; };
		F3DB67A42C28A9BF00F53642 /* VideoRepository.swift */ = {isa = PBXFileReference; lastKnownFileType = sourcecode.swift; path = VideoRepository.swift; sourceTree = "<group>"; };
		F3DB67A72C28B6A200F53642 /* APIFetcher.swift */ = {isa = PBXFileReference; lastKnownFileType = sourcecode.swift; path = APIFetcher.swift; sourceTree = "<group>"; };
		F3DB67A92C28B6AF00F53642 /* DataDecoder.swift */ = {isa = PBXFileReference; lastKnownFileType = sourcecode.swift; path = DataDecoder.swift; sourceTree = "<group>"; };
		F3DB67AD2C28B7AA00F53642 /* en */ = {isa = PBXFileReference; lastKnownFileType = text.json; name = en; path = en.lproj/MockFilms.json; sourceTree = "<group>"; };
		F3DB67AF2C28B7FC00F53642 /* MockFilmsCodableModel.swift */ = {isa = PBXFileReference; lastKnownFileType = sourcecode.swift; path = MockFilmsCodableModel.swift; sourceTree = "<group>"; };
		F3DB67B22C294F9600F53642 /* PexelCodableModel.swift */ = {isa = PBXFileReference; lastKnownFileType = sourcecode.swift; path = PexelCodableModel.swift; sourceTree = "<group>"; };
		F3DB67B42C294FC600F53642 /* PexelCaller.swift */ = {isa = PBXFileReference; lastKnownFileType = sourcecode.swift; path = PexelCaller.swift; sourceTree = "<group>"; };
		F3DB67B62C29510F00F53642 /* ServiceFetcher.swift */ = {isa = PBXFileReference; lastKnownFileType = sourcecode.swift; path = ServiceFetcher.swift; sourceTree = "<group>"; };
		F3DB67B82C2958A700F53642 /* PexelContent.json */ = {isa = PBXFileReference; lastKnownFileType = text.json; path = PexelContent.json; sourceTree = "<group>"; };
		F3DB67BA2C29597300F53642 /* MockFilmsCaller.swift */ = {isa = PBXFileReference; lastKnownFileType = sourcecode.swift; path = MockFilmsCaller.swift; sourceTree = "<group>"; };
		F3DB67BE2C2E0ABF00F53642 /* Info.plist */ = {isa = PBXFileReference; lastKnownFileType = text.plist; path = Info.plist; sourceTree = "<group>"; };
		F3DB67DB2C2EAB7400F53642 /* AVPlayerController.swift */ = {isa = PBXFileReference; fileEncoding = 4; lastKnownFileType = sourcecode.swift; name = AVPlayerController.swift; path = ProjectRubberDucky/Utilities/Tools/AVPlayerController/AVPlayerController.swift; sourceTree = SOURCE_ROOT; };
/* End PBXFileReference section */

/* Begin PBXFrameworksBuildPhase section */
		F3DB676A2C28A32F00F53642 /* Frameworks */ = {
			isa = PBXFrameworksBuildPhase;
			buildActionMask = 2147483647;
			files = (
				F3DB67802C28A36B00F53642 /* NeedleFoundation in Frameworks */,
			);
			runOnlyForDeploymentPostprocessing = 0;
		};
/* End PBXFrameworksBuildPhase section */

/* Begin PBXGroup section */
		F3A115802C2EADEB000EF645 /* Views */ = {
			isa = PBXGroup;
			children = (
				F3DB67A02C28A8E100F53642 /* VideoPlayerView.swift */,
				F3A115822C2EADFC000EF645 /* tvOS */,
				F3A115812C2EADF8000EF645 /* iOS */,
			);
			path = Views;
			sourceTree = "<group>";
		};
		F3A115812C2EADF8000EF645 /* iOS */ = {
			isa = PBXGroup;
			children = (
			);
			path = iOS;
			sourceTree = "<group>";
		};
		F3A115822C2EADFC000EF645 /* tvOS */ = {
			isa = PBXGroup;
			children = (
			);
			path = tvOS;
			sourceTree = "<group>";
		};
		F3A115832C2EAE1E000EF645 /* Providers */ = {
			isa = PBXGroup;
			children = (
				F3DB679E2C28A8D700F53642 /* VideoPlayerProvider.swift */,
			);
			path = Providers;
			sourceTree = "<group>";
		};
		F3A115842C2EAE2C000EF645 /* Models */ = {
			isa = PBXGroup;
			children = (
				F3DB67A22C28A97800F53642 /* VideoPlayerDataModel.swift */,
			);
			path = Models;
			sourceTree = "<group>";
		};
		F3A115852C2EAE80000EF645 /* Services */ = {
			isa = PBXGroup;
			children = (
				F3DB67A42C28A9BF00F53642 /* VideoRepository.swift */,
			);
			path = Services;
			sourceTree = "<group>";
		};
		F3A115862C2EB19C000EF645 /* Tools */ = {
			isa = PBXGroup;
			children = (
				F3A115872C2EB1A1000EF645 /* AVPlayerController */,
			);
			path = Tools;
			sourceTree = "<group>";
		};
		F3A115872C2EB1A1000EF645 /* AVPlayerController */ = {
			isa = PBXGroup;
			children = (
				F3DB67DB2C2EAB7400F53642 /* AVPlayerController.swift */,
			);
			path = AVPlayerController;
			sourceTree = "<group>";
		};
		F3A115882C2ED9B9000EF645 /* ButtonStyles */ = {
			isa = PBXGroup;
			children = (
				F3A115892C2ED9D7000EF645 /* FocusButtonStyle.swift */,
			);
			path = ButtonStyles;
			sourceTree = "<group>";
		};
		F3DB67642C28A32F00F53642 = {
			isa = PBXGroup;
			children = (
				F3DB676F2C28A32F00F53642 /* ProjectRubberDucky */,
				F3DB676E2C28A32F00F53642 /* Products */,
			);
			sourceTree = "<group>";
		};
		F3DB676E2C28A32F00F53642 /* Products */ = {
			isa = PBXGroup;
			children = (
				F3DB676D2C28A32F00F53642 /* ProjectRubberDucky.app */,
			);
			name = Products;
			sourceTree = "<group>";
		};
		F3DB676F2C28A32F00F53642 /* ProjectRubberDucky */ = {
			isa = PBXGroup;
			children = (
				F3DB67BE2C2E0ABF00F53642 /* Info.plist */,
				F3DB67B12C294F5F00F53642 /* Services */,
				F3DB67AB2C28B6DC00F53642 /* MockContent */,
				F3DB67812C28A37B00F53642 /* NeedleGenerated.swift */,
				F3DB67702C28A32F00F53642 /* ProjectRubberDuckyApp.swift */,
				F3DB67862C28A44500F53642 /* RootComponent.swift */,
				F3DB678A2C28A5C900F53642 /* TabViewContainer */,
				F3DB67842C28A38500F53642 /* Utilities */,
				F3DB67832C28A38100F53642 /* Features */,
				F3DB67722C28A32F00F53642 /* ContentView.swift */,
				F3DB67742C28A33100F53642 /* Assets.xcassets */,
				F3DB67762C28A33100F53642 /* Preview Content */,
			);
			path = ProjectRubberDucky;
			sourceTree = "<group>";
		};
		F3DB67762C28A33100F53642 /* Preview Content */ = {
			isa = PBXGroup;
			children = (
				F3DB67772C28A33100F53642 /* Preview Assets.xcassets */,
			);
			path = "Preview Content";
			sourceTree = "<group>";
		};
		F3DB67832C28A38100F53642 /* Features */ = {
			isa = PBXGroup;
			children = (
				F3DB67972C28A7E300F53642 /* VideoPlayerFeature */,
			);
			path = Features;
			sourceTree = "<group>";
		};
		F3DB67842C28A38500F53642 /* Utilities */ = {
			isa = PBXGroup;
			children = (
				F3A115882C2ED9B9000EF645 /* ButtonStyles */,
				F3A115862C2EB19C000EF645 /* Tools */,
				F3DB67A62C28B68700F53642 /* Services */,
				F3DB67882C28A4F200F53642 /* Architecture.swift */,
			);
			path = Utilities;
			sourceTree = "<group>";
		};
		F3DB678A2C28A5C900F53642 /* TabViewContainer */ = {
			isa = PBXGroup;
			children = (
				F3DB678B2C28A5F000F53642 /* TabViewContainerDependencies.swift */,
				F3DB678D2C28A60D00F53642 /* TabViewContainerComponent.swift */,
				F3DB678F2C28A62C00F53642 /* TabViewContainerProvider.swift */,
				F3DB67912C28A64100F53642 /* TabViewContainerDataModel.swift */,
				F3DB67932C28A68000F53642 /* TabViewContainerView.swift */,
				F3DB67952C28A69B00F53642 /* TabViewContainerFeature.swift */,
			);
			path = TabViewContainer;
			sourceTree = "<group>";
		};
		F3DB67972C28A7E300F53642 /* VideoPlayerFeature */ = {
			isa = PBXGroup;
			children = (
				F3DB67982C28A80300F53642 /* VideoPlayerComponent.swift */,
				F3DB679C2C28A8C300F53642 /* VideoPlayerFeature.swift */,
				F3DB679A2C28A86E00F53642 /* VideoPlayerDependencies.swift */,
				F3A115842C2EAE2C000EF645 /* Models */,
				F3A115832C2EAE1E000EF645 /* Providers */,
				F3A115802C2EADEB000EF645 /* Views */,
				F3A115852C2EAE80000EF645 /* Services */,
			);
			path = VideoPlayerFeature;
			sourceTree = "<group>";
		};
		F3DB67A62C28B68700F53642 /* Services */ = {
			isa = PBXGroup;
			children = (
				F3DB67A72C28B6A200F53642 /* APIFetcher.swift */,
				F3DB67A92C28B6AF00F53642 /* DataDecoder.swift */,
				F3DB67B62C29510F00F53642 /* ServiceFetcher.swift */,
			);
			path = Services;
			sourceTree = "<group>";
		};
		F3DB67AB2C28B6DC00F53642 /* MockContent */ = {
			isa = PBXGroup;
			children = (
				F3DB67AC2C28B7AA00F53642 /* MockFilms.json */,
				F3DB67AF2C28B7FC00F53642 /* MockFilmsCodableModel.swift */,
				F3DB67BA2C29597300F53642 /* MockFilmsCaller.swift */,
			);
			path = MockContent;
			sourceTree = "<group>";
		};
		F3DB67B12C294F5F00F53642 /* Services */ = {
			isa = PBXGroup;
			children = (
				F3DB67B22C294F9600F53642 /* PexelCodableModel.swift */,
				F3DB67B42C294FC600F53642 /* PexelCaller.swift */,
				F3DB67B82C2958A700F53642 /* PexelContent.json */,
			);
			path = Services;
			sourceTree = "<group>";
		};
/* End PBXGroup section */

/* Begin PBXNativeTarget section */
		F3DB676C2C28A32F00F53642 /* ProjectRubberDucky */ = {
			isa = PBXNativeTarget;
			buildConfigurationList = F3DB677B2C28A33100F53642 /* Build configuration list for PBXNativeTarget "ProjectRubberDucky" */;
			buildPhases = (
				F3DB67692C28A32F00F53642 /* Sources */,
				F3DB676A2C28A32F00F53642 /* Frameworks */,
				F3DB676B2C28A32F00F53642 /* Resources */,
				F3DB67852C28A39D00F53642 /* ShellScript */,
			);
			buildRules = (
			);
			dependencies = (
			);
			name = ProjectRubberDucky;
			packageProductDependencies = (
				F3DB677F2C28A36B00F53642 /* NeedleFoundation */,
			);
			productName = ProjectRubberDucky;
			productReference = F3DB676D2C28A32F00F53642 /* ProjectRubberDucky.app */;
			productType = "com.apple.product-type.application";
		};
/* End PBXNativeTarget section */

/* Begin PBXProject section */
		F3DB67652C28A32F00F53642 /* Project object */ = {
			isa = PBXProject;
			attributes = {
				BuildIndependentTargetsInParallel = 1;
				LastSwiftUpdateCheck = 1540;
				LastUpgradeCheck = 1540;
				TargetAttributes = {
					F3DB676C2C28A32F00F53642 = {
						CreatedOnToolsVersion = 15.4;
					};
				};
			};
			buildConfigurationList = F3DB67682C28A32F00F53642 /* Build configuration list for PBXProject "ProjectRubberDucky" */;
			compatibilityVersion = "Xcode 14.0";
			developmentRegion = en;
			hasScannedForEncodings = 0;
			knownRegions = (
				en,
				Base,
			);
			mainGroup = F3DB67642C28A32F00F53642;
			packageReferences = (
				F3DB677E2C28A36B00F53642 /* XCRemoteSwiftPackageReference "needle" */,
			);
			productRefGroup = F3DB676E2C28A32F00F53642 /* Products */;
			projectDirPath = "";
			projectRoot = "";
			targets = (
				F3DB676C2C28A32F00F53642 /* ProjectRubberDucky */,
			);
		};
/* End PBXProject section */

/* Begin PBXResourcesBuildPhase section */
		F3DB676B2C28A32F00F53642 /* Resources */ = {
			isa = PBXResourcesBuildPhase;
			buildActionMask = 2147483647;
			files = (
				F3DB67782C28A33100F53642 /* Preview Assets.xcassets in Resources */,
				F3DB67752C28A33100F53642 /* Assets.xcassets in Resources */,
				F3DB67AE2C28B7AA00F53642 /* MockFilms.json in Resources */,
			);
			runOnlyForDeploymentPostprocessing = 0;
		};
/* End PBXResourcesBuildPhase section */

/* Begin PBXShellScriptBuildPhase section */
		F3DB67852C28A39D00F53642 /* ShellScript */ = {
			isa = PBXShellScriptBuildPhase;
			buildActionMask = 2147483647;
			files = (
			);
			inputFileListPaths = (
			);
			inputPaths = (
			);
			outputFileListPaths = (
			);
			outputPaths = (
			);
			runOnlyForDeploymentPostprocessing = 0;
			shellPath = /bin/sh;
			shellScript = "# Type a script or drag a script file from your workspace to insert its path.\nif [[ $CONFIGURATION == 'Debug' ]]; then\n    #For M1 Mac compatibility: sudo ln -s /opt/homebrew/bin/needle /usr/local/bin/needle\n    /opt/homebrew/bin/needle generate ProjectRubberDucky/NeedleGenerated.swift ProjectRubberDucky/\n    echo \" ✅ Dependency Injection file updated successfully\"\nelse\n    echo \" ❌ Non Debug build detected\"\nfi\n";
		};
/* End PBXShellScriptBuildPhase section */

/* Begin PBXSourcesBuildPhase section */
		F3DB67692C28A32F00F53642 /* Sources */ = {
			isa = PBXSourcesBuildPhase;
			buildActionMask = 2147483647;
			files = (
				F3DB67AA2C28B6AF00F53642 /* DataDecoder.swift in Sources */,
				F3DB67B92C2958A700F53642 /* PexelContent.json in Sources */,
				F3DB678E2C28A60D00F53642 /* TabViewContainerComponent.swift in Sources */,
				F3DB67902C28A62C00F53642 /* TabViewContainerProvider.swift in Sources */,
				F3DB679B2C28A86E00F53642 /* VideoPlayerDependencies.swift in Sources */,
				F3DB67A52C28A9BF00F53642 /* VideoRepository.swift in Sources */,
				F3DB67732C28A32F00F53642 /* ContentView.swift in Sources */,
				F3DB67A82C28B6A200F53642 /* APIFetcher.swift in Sources */,
				F3DB67BB2C29597300F53642 /* MockFilmsCaller.swift in Sources */,
				F3DB67942C28A68000F53642 /* TabViewContainerView.swift in Sources */,
				F3DB67B52C294FC600F53642 /* PexelCaller.swift in Sources */,
				F3DB67B72C29510F00F53642 /* ServiceFetcher.swift in Sources */,
				F3DB678C2C28A5F000F53642 /* TabViewContainerDependencies.swift in Sources */,
				F3DB67B02C28B7FC00F53642 /* MockFilmsCodableModel.swift in Sources */,
				F3DB67922C28A64100F53642 /* TabViewContainerDataModel.swift in Sources */,
				F3DB67B32C294F9600F53642 /* PexelCodableModel.swift in Sources */,
				F3DB679F2C28A8D700F53642 /* VideoPlayerProvider.swift in Sources */,
				F3DB67962C28A69B00F53642 /* TabViewContainerFeature.swift in Sources */,
				F3DB67DC2C2EAB7400F53642 /* AVPlayerController.swift in Sources */,
				F3DB67872C28A44500F53642 /* RootComponent.swift in Sources */,
				F3DB67992C28A80300F53642 /* VideoPlayerComponent.swift in Sources */,
				F3DB67712C28A32F00F53642 /* ProjectRubberDuckyApp.swift in Sources */,
				F3DB67822C28A37B00F53642 /* NeedleGenerated.swift in Sources */,
				F3DB67892C28A4F200F53642 /* Architecture.swift in Sources */,
				F3DB679D2C28A8C300F53642 /* VideoPlayerFeature.swift in Sources */,
				F3DB67A12C28A8E100F53642 /* VideoPlayerView.swift in Sources */,
				F3A1158A2C2ED9D7000EF645 /* FocusButtonStyle.swift in Sources */,
				F3DB67A32C28A97800F53642 /* VideoPlayerDataModel.swift in Sources */,
			);
			runOnlyForDeploymentPostprocessing = 0;
		};
/* End PBXSourcesBuildPhase section */

/* Begin PBXVariantGroup section */
		F3DB67AC2C28B7AA00F53642 /* MockFilms.json */ = {
			isa = PBXVariantGroup;
			children = (
				F3DB67AD2C28B7AA00F53642 /* en */,
			);
			name = MockFilms.json;
			sourceTree = "<group>";
		};
/* End PBXVariantGroup section */

/* Begin XCBuildConfiguration section */
		F3DB67792C28A33100F53642 /* Debug */ = {
			isa = XCBuildConfiguration;
			buildSettings = {
				ALWAYS_SEARCH_USER_PATHS = NO;
				ASSETCATALOG_COMPILER_GENERATE_SWIFT_ASSET_SYMBOL_EXTENSIONS = YES;
				CLANG_ANALYZER_NONNULL = YES;
				CLANG_ANALYZER_NUMBER_OBJECT_CONVERSION = YES_AGGRESSIVE;
				CLANG_CXX_LANGUAGE_STANDARD = "gnu++20";
				CLANG_ENABLE_MODULES = YES;
				CLANG_ENABLE_OBJC_ARC = YES;
				CLANG_ENABLE_OBJC_WEAK = YES;
				CLANG_WARN_BLOCK_CAPTURE_AUTORELEASING = YES;
				CLANG_WARN_BOOL_CONVERSION = YES;
				CLANG_WARN_COMMA = YES;
				CLANG_WARN_CONSTANT_CONVERSION = YES;
				CLANG_WARN_DEPRECATED_OBJC_IMPLEMENTATIONS = YES;
				CLANG_WARN_DIRECT_OBJC_ISA_USAGE = YES_ERROR;
				CLANG_WARN_DOCUMENTATION_COMMENTS = YES;
				CLANG_WARN_EMPTY_BODY = YES;
				CLANG_WARN_ENUM_CONVERSION = YES;
				CLANG_WARN_INFINITE_RECURSION = YES;
				CLANG_WARN_INT_CONVERSION = YES;
				CLANG_WARN_NON_LITERAL_NULL_CONVERSION = YES;
				CLANG_WARN_OBJC_IMPLICIT_RETAIN_SELF = YES;
				CLANG_WARN_OBJC_LITERAL_CONVERSION = YES;
				CLANG_WARN_OBJC_ROOT_CLASS = YES_ERROR;
				CLANG_WARN_QUOTED_INCLUDE_IN_FRAMEWORK_HEADER = YES;
				CLANG_WARN_RANGE_LOOP_ANALYSIS = YES;
				CLANG_WARN_STRICT_PROTOTYPES = YES;
				CLANG_WARN_SUSPICIOUS_MOVE = YES;
				CLANG_WARN_UNGUARDED_AVAILABILITY = YES_AGGRESSIVE;
				CLANG_WARN_UNREACHABLE_CODE = YES;
				CLANG_WARN__DUPLICATE_METHOD_MATCH = YES;
				COPY_PHASE_STRIP = NO;
				DEBUG_INFORMATION_FORMAT = dwarf;
				ENABLE_STRICT_OBJC_MSGSEND = YES;
				ENABLE_TESTABILITY = YES;
				ENABLE_USER_SCRIPT_SANDBOXING = YES;
				GCC_C_LANGUAGE_STANDARD = gnu17;
				GCC_DYNAMIC_NO_PIC = NO;
				GCC_NO_COMMON_BLOCKS = YES;
				GCC_OPTIMIZATION_LEVEL = 0;
				GCC_PREPROCESSOR_DEFINITIONS = (
					"DEBUG=1",
					"$(inherited)",
				);
				GCC_WARN_64_TO_32_BIT_CONVERSION = YES;
				GCC_WARN_ABOUT_RETURN_TYPE = YES_ERROR;
				GCC_WARN_UNDECLARED_SELECTOR = YES;
				GCC_WARN_UNINITIALIZED_AUTOS = YES_AGGRESSIVE;
				GCC_WARN_UNUSED_FUNCTION = YES;
				GCC_WARN_UNUSED_VARIABLE = YES;
				IPHONEOS_DEPLOYMENT_TARGET = 17.5;
				LOCALIZATION_PREFERS_STRING_CATALOGS = YES;
				MTL_ENABLE_DEBUG_INFO = INCLUDE_SOURCE;
				MTL_FAST_MATH = YES;
				ONLY_ACTIVE_ARCH = YES;
				SDKROOT = iphoneos;
				SWIFT_ACTIVE_COMPILATION_CONDITIONS = "DEBUG $(inherited)";
				SWIFT_OPTIMIZATION_LEVEL = "-Onone";
			};
			name = Debug;
		};
		F3DB677A2C28A33100F53642 /* Release */ = {
			isa = XCBuildConfiguration;
			buildSettings = {
				ALWAYS_SEARCH_USER_PATHS = NO;
				ASSETCATALOG_COMPILER_GENERATE_SWIFT_ASSET_SYMBOL_EXTENSIONS = YES;
				CLANG_ANALYZER_NONNULL = YES;
				CLANG_ANALYZER_NUMBER_OBJECT_CONVERSION = YES_AGGRESSIVE;
				CLANG_CXX_LANGUAGE_STANDARD = "gnu++20";
				CLANG_ENABLE_MODULES = YES;
				CLANG_ENABLE_OBJC_ARC = YES;
				CLANG_ENABLE_OBJC_WEAK = YES;
				CLANG_WARN_BLOCK_CAPTURE_AUTORELEASING = YES;
				CLANG_WARN_BOOL_CONVERSION = YES;
				CLANG_WARN_COMMA = YES;
				CLANG_WARN_CONSTANT_CONVERSION = YES;
				CLANG_WARN_DEPRECATED_OBJC_IMPLEMENTATIONS = YES;
				CLANG_WARN_DIRECT_OBJC_ISA_USAGE = YES_ERROR;
				CLANG_WARN_DOCUMENTATION_COMMENTS = YES;
				CLANG_WARN_EMPTY_BODY = YES;
				CLANG_WARN_ENUM_CONVERSION = YES;
				CLANG_WARN_INFINITE_RECURSION = YES;
				CLANG_WARN_INT_CONVERSION = YES;
				CLANG_WARN_NON_LITERAL_NULL_CONVERSION = YES;
				CLANG_WARN_OBJC_IMPLICIT_RETAIN_SELF = YES;
				CLANG_WARN_OBJC_LITERAL_CONVERSION = YES;
				CLANG_WARN_OBJC_ROOT_CLASS = YES_ERROR;
				CLANG_WARN_QUOTED_INCLUDE_IN_FRAMEWORK_HEADER = YES;
				CLANG_WARN_RANGE_LOOP_ANALYSIS = YES;
				CLANG_WARN_STRICT_PROTOTYPES = YES;
				CLANG_WARN_SUSPICIOUS_MOVE = YES;
				CLANG_WARN_UNGUARDED_AVAILABILITY = YES_AGGRESSIVE;
				CLANG_WARN_UNREACHABLE_CODE = YES;
				CLANG_WARN__DUPLICATE_METHOD_MATCH = YES;
				COPY_PHASE_STRIP = NO;
				DEBUG_INFORMATION_FORMAT = "dwarf-with-dsym";
				ENABLE_NS_ASSERTIONS = NO;
				ENABLE_STRICT_OBJC_MSGSEND = YES;
				ENABLE_USER_SCRIPT_SANDBOXING = YES;
				GCC_C_LANGUAGE_STANDARD = gnu17;
				GCC_NO_COMMON_BLOCKS = YES;
				GCC_WARN_64_TO_32_BIT_CONVERSION = YES;
				GCC_WARN_ABOUT_RETURN_TYPE = YES_ERROR;
				GCC_WARN_UNDECLARED_SELECTOR = YES;
				GCC_WARN_UNINITIALIZED_AUTOS = YES_AGGRESSIVE;
				GCC_WARN_UNUSED_FUNCTION = YES;
				GCC_WARN_UNUSED_VARIABLE = YES;
				IPHONEOS_DEPLOYMENT_TARGET = 17.5;
				LOCALIZATION_PREFERS_STRING_CATALOGS = YES;
				MTL_ENABLE_DEBUG_INFO = NO;
				MTL_FAST_MATH = YES;
				SDKROOT = iphoneos;
				SWIFT_COMPILATION_MODE = wholemodule;
				VALIDATE_PRODUCT = YES;
			};
			name = Release;
		};
		F3DB677C2C28A33100F53642 /* Debug */ = {
			isa = XCBuildConfiguration;
			buildSettings = {
				ASSETCATALOG_COMPILER_APPICON_NAME = AppIcon;
				ASSETCATALOG_COMPILER_GLOBAL_ACCENT_COLOR_NAME = AccentColor;
				CODE_SIGN_STYLE = Automatic;
				CURRENT_PROJECT_VERSION = 1;
				DEVELOPMENT_ASSET_PATHS = "\"ProjectRubberDucky/Preview Content\"";
				DEVELOPMENT_TEAM = MEKPW4F5YF;
				ENABLE_PREVIEWS = YES;
				GENERATE_INFOPLIST_FILE = YES;
				INFOPLIST_FILE = ProjectRubberDucky/Info.plist;
				INFOPLIST_KEY_UIApplicationSceneManifest_Generation = YES;
				INFOPLIST_KEY_UIApplicationSupportsIndirectInputEvents = YES;
				INFOPLIST_KEY_UILaunchScreen_Generation = YES;
				INFOPLIST_KEY_UISupportedInterfaceOrientations_iPad = "UIInterfaceOrientationPortrait UIInterfaceOrientationPortraitUpsideDown UIInterfaceOrientationLandscapeLeft UIInterfaceOrientationLandscapeRight";
				INFOPLIST_KEY_UISupportedInterfaceOrientations_iPhone = "UIInterfaceOrientationPortrait UIInterfaceOrientationLandscapeLeft UIInterfaceOrientationLandscapeRight";
				LD_RUNPATH_SEARCH_PATHS = (
					"$(inherited)",
					"@executable_path/Frameworks",
				);
				MARKETING_VERSION = 1.0;
				PRODUCT_BUNDLE_IDENTIFIER = com.ruan.jansen.ProjectRubberDucky;
				PRODUCT_NAME = "$(TARGET_NAME)";
				SUPPORTED_PLATFORMS = "appletvos appletvsimulator iphoneos iphonesimulator";
				SUPPORTS_MACCATALYST = NO;
				SWIFT_EMIT_LOC_STRINGS = YES;
				SWIFT_VERSION = 5.0;
				TARGETED_DEVICE_FAMILY = "1,2,3";
			};
			name = Debug;
		};
		F3DB677D2C28A33100F53642 /* Release */ = {
			isa = XCBuildConfiguration;
			buildSettings = {
				ASSETCATALOG_COMPILER_APPICON_NAME = AppIcon;
				ASSETCATALOG_COMPILER_GLOBAL_ACCENT_COLOR_NAME = AccentColor;
				CODE_SIGN_STYLE = Automatic;
				CURRENT_PROJECT_VERSION = 1;
				DEVELOPMENT_ASSET_PATHS = "\"ProjectRubberDucky/Preview Content\"";
				DEVELOPMENT_TEAM = MEKPW4F5YF;
				ENABLE_PREVIEWS = YES;
				GENERATE_INFOPLIST_FILE = YES;
				INFOPLIST_FILE = ProjectRubberDucky/Info.plist;
				INFOPLIST_KEY_UIApplicationSceneManifest_Generation = YES;
				INFOPLIST_KEY_UIApplicationSupportsIndirectInputEvents = YES;
				INFOPLIST_KEY_UILaunchScreen_Generation = YES;
				INFOPLIST_KEY_UISupportedInterfaceOrientations_iPad = "UIInterfaceOrientationPortrait UIInterfaceOrientationPortraitUpsideDown UIInterfaceOrientationLandscapeLeft UIInterfaceOrientationLandscapeRight";
				INFOPLIST_KEY_UISupportedInterfaceOrientations_iPhone = "UIInterfaceOrientationPortrait UIInterfaceOrientationLandscapeLeft UIInterfaceOrientationLandscapeRight";
				LD_RUNPATH_SEARCH_PATHS = (
					"$(inherited)",
					"@executable_path/Frameworks",
				);
				MARKETING_VERSION = 1.0;
				PRODUCT_BUNDLE_IDENTIFIER = com.ruan.jansen.ProjectRubberDucky;
				PRODUCT_NAME = "$(TARGET_NAME)";
				SUPPORTED_PLATFORMS = "appletvos appletvsimulator iphoneos iphonesimulator";
				SUPPORTS_MACCATALYST = NO;
				SWIFT_EMIT_LOC_STRINGS = YES;
				SWIFT_VERSION = 5.0;
				TARGETED_DEVICE_FAMILY = "1,2,3";
			};
			name = Release;
		};
/* End XCBuildConfiguration section */

/* Begin XCConfigurationList section */
		F3DB67682C28A32F00F53642 /* Build configuration list for PBXProject "ProjectRubberDucky" */ = {
			isa = XCConfigurationList;
			buildConfigurations = (
				F3DB67792C28A33100F53642 /* Debug */,
				F3DB677A2C28A33100F53642 /* Release */,
			);
			defaultConfigurationIsVisible = 0;
			defaultConfigurationName = Release;
		};
		F3DB677B2C28A33100F53642 /* Build configuration list for PBXNativeTarget "ProjectRubberDucky" */ = {
			isa = XCConfigurationList;
			buildConfigurations = (
				F3DB677C2C28A33100F53642 /* Debug */,
				F3DB677D2C28A33100F53642 /* Release */,
			);
			defaultConfigurationIsVisible = 0;
			defaultConfigurationName = Release;
		};
/* End XCConfigurationList section */

/* Begin XCRemoteSwiftPackageReference section */
		F3DB677E2C28A36B00F53642 /* XCRemoteSwiftPackageReference "needle" */ = {
			isa = XCRemoteSwiftPackageReference;
			repositoryURL = "https://github.com/uber/needle.git";
			requirement = {
				branch = master;
				kind = branch;
			};
		};
/* End XCRemoteSwiftPackageReference section */

/* Begin XCSwiftPackageProductDependency section */
		F3DB677F2C28A36B00F53642 /* NeedleFoundation */ = {
			isa = XCSwiftPackageProductDependency;
			package = F3DB677E2C28A36B00F53642 /* XCRemoteSwiftPackageReference "needle" */;
			productName = NeedleFoundation;
		};
/* End XCSwiftPackageProductDependency section */
	};
	rootObject = F3DB67652C28A32F00F53642 /* Project object */;
}
