{
  "originHash" : "4ce6238ad5cf4decf9168ad575265f18402a7ce1387641e51a871630bbdaf4ab",
  "pins" : [
    {
      "identity" : "needle",
      "kind" : "remoteSourceControl",
      "location" : "https://github.com/uber/needle.git",
      "state" : {
        "branch" : "master",
        "revision" : "8828a6509818e992b8c0cad2af2dfab234ea6f34"
      }
    },
    {
      "identity" : "plexkit",
      "kind" : "remoteSourceControl",
      "location" : "https://github.com/lcharlick/PlexKit.git",
      "state" : {
        "revision" : "f35120b87643fca2646383629701c736df104508",
        "version" : "1.7.1"
      }
    }
  ],
  "version" : 3
}
